{
    "_meta": {
        "hash": {
            "sha256": "9ac2aa2e33e5f44afe656c750dcbcabd3e89858398537ba48587e9c902c52eb5"
        },
        "pipfile-spec": 6,
        "requires": {
            "python_version": "3.7"
        },
        "sources": [
            {
                "name": "pypi",
                "url": "https://pypi.org/simple",
                "verify_ssl": true
            }
        ]
    },
    "default": {
        "beautifulsoup4": {
            "hashes": [
                "sha256:73cc4d115b96f79c7d77c1c7f7a0a8d4c57860d1041df407dd1aae7f07a77fd7",
                "sha256:a6237df3c32ccfaee4fd201c8f5f9d9df619b93121d01353a64a73ce8c6ef9a8",
                "sha256:e718f2342e2e099b640a34ab782407b7b676f47ee272d6739e60b8ea23829f2c"
            ],
            "index": "pypi",
            "version": "==4.9.1"
        },
        "blinker": {
            "hashes": [
                "sha256:471aee25f3992bd325afa3772f1063dbdbbca947a041b8b89466dc00d606f8b6"
            ],
            "version": "==1.4"
        },
        "docutils": {
            "hashes": [
                "sha256:0c5b78adfbf7762415433f5515cd5c9e762339e23369dbe8000d84a4bf4ab3af",
                "sha256:c2de3a60e9e7d07be26b7f2b00ca0309c207e06c100f9cc2a94931fc75a478fc"
            ],
            "version": "==0.16"
        },
        "feedgenerator": {
            "hashes": [
                "sha256:a28a5add781509390d1a6a52d017829853ee4bef1d2e7b4d5da0e9d1b395ce54",
                "sha256:a81d240a2c74a2ae80c393cfe374aff1a19ed3fe41a488eacc66edbe46d3f422"
            ],
            "version": "==1.9.1"
        },
        "ghp-import": {
            "hashes": [
                "sha256:65e4d854dd0980096fd950a323d699daad4ff8007b8daa7e7ca60d57dfa00e1b"
            ],
            "index": "pypi",
            "version": "==1.0.0"
        },
        "gitdb": {
            "hashes": [
                "sha256:6c4cc71933456991da20917998acbe6cf4fb41eeaab7d6d67fbc05ecd4c865b0",
                "sha256:96bf5c08b157a666fec41129e6d327235284cca4c81e92109260f353ba138005"
            ],
            "version": "==4.0.7"
        },
        "gitpython": {
            "hashes": [
                "sha256:2db287d71a284e22e5c2846042d0602465c7434d910406990d5b74df4afb0858",
                "sha256:fa3b92da728a457dd75d62bb5f3eb2816d99a7fe6c67398e260637a40e3fafb5"
            ],
            "index": "pypi",
            "version": "==3.1.7"
        },
        "jinja2": {
            "hashes": [
                "sha256:03e47ad063331dd6a3f04a43eddca8a966a26ba0c5b7207a9a9e4e08f1b29419",
                "sha256:a6d58433de0ae800347cab1fa3043cebbabe8baa9d29e668f1c768cb87a333c6"
            ],
            "version": "==2.11.3"
        },
        "markupsafe": {
            "hashes": [
                "sha256:00bc623926325b26bb9605ae9eae8a215691f33cae5df11ca5424f06f2d1f473",
                "sha256:09027a7803a62ca78792ad89403b1b7a73a01c8cb65909cd876f7fcebd79b161",
                "sha256:09c4b7f37d6c648cb13f9230d847adf22f8171b1ccc4d5682398e77f40309235",
                "sha256:1027c282dad077d0bae18be6794e6b6b8c91d58ed8a8d89a89d59693b9131db5",
                "sha256:13d3144e1e340870b25e7b10b98d779608c02016d5184cfb9927a9f10c689f42",
                "sha256:195d7d2c4fbb0ee8139a6cf67194f3973a6b3042d742ebe0a9ed36d8b6f0c07f",
                "sha256:22c178a091fc6630d0d045bdb5992d2dfe14e3259760e713c490da5323866c39",
                "sha256:24982cc2533820871eba85ba648cd53d8623687ff11cbb805be4ff7b4c971aff",
                "sha256:29872e92839765e546828bb7754a68c418d927cd064fd4708fab9fe9c8bb116b",
                "sha256:2beec1e0de6924ea551859edb9e7679da6e4870d32cb766240ce17e0a0ba2014",
                "sha256:3b8a6499709d29c2e2399569d96719a1b21dcd94410a586a18526b143ec8470f",
                "sha256:43a55c2930bbc139570ac2452adf3d70cdbb3cfe5912c71cdce1c2c6bbd9c5d1",
                "sha256:46c99d2de99945ec5cb54f23c8cd5689f6d7177305ebff350a58ce5f8de1669e",
                "sha256:500d4957e52ddc3351cabf489e79c91c17f6e0899158447047588650b5e69183",
                "sha256:535f6fc4d397c1563d08b88e485c3496cf5784e927af890fb3c3aac7f933ec66",
                "sha256:596510de112c685489095da617b5bcbbac7dd6384aeebeda4df6025d0256a81b",
                "sha256:62fe6c95e3ec8a7fad637b7f3d372c15ec1caa01ab47926cfdf7a75b40e0eac1",
                "sha256:6788b695d50a51edb699cb55e35487e430fa21f1ed838122d722e0ff0ac5ba15",
                "sha256:6dd73240d2af64df90aa7c4e7481e23825ea70af4b4922f8ede5b9e35f78a3b1",
                "sha256:6f1e273a344928347c1290119b493a1f0303c52f5a5eae5f16d74f48c15d4a85",
                "sha256:6fffc775d90dcc9aed1b89219549b329a9250d918fd0b8fa8d93d154918422e1",
                "sha256:717ba8fe3ae9cc0006d7c451f0bb265ee07739daf76355d06366154ee68d221e",
                "sha256:79855e1c5b8da654cf486b830bd42c06e8780cea587384cf6545b7d9ac013a0b",
                "sha256:7c1699dfe0cf8ff607dbdcc1e9b9af1755371f92a68f706051cc8c37d447c905",
                "sha256:7fed13866cf14bba33e7176717346713881f56d9d2bcebab207f7a036f41b850",
                "sha256:84dee80c15f1b560d55bcfe6d47b27d070b4681c699c572af2e3c7cc90a3b8e0",
                "sha256:88e5fcfb52ee7b911e8bb6d6aa2fd21fbecc674eadd44118a9cc3863f938e735",
                "sha256:8defac2f2ccd6805ebf65f5eeb132adcf2ab57aa11fdf4c0dd5169a004710e7d",
                "sha256:98bae9582248d6cf62321dcb52aaf5d9adf0bad3b40582925ef7c7f0ed85fceb",
                "sha256:98c7086708b163d425c67c7a91bad6e466bb99d797aa64f965e9d25c12111a5e",
                "sha256:9add70b36c5666a2ed02b43b335fe19002ee5235efd4b8a89bfcf9005bebac0d",
                "sha256:9bf40443012702a1d2070043cb6291650a0841ece432556f784f004937f0f32c",
                "sha256:a6a744282b7718a2a62d2ed9d993cad6f5f585605ad352c11de459f4108df0a1",
                "sha256:acf08ac40292838b3cbbb06cfe9b2cb9ec78fce8baca31ddb87aaac2e2dc3bc2",
                "sha256:ade5e387d2ad0d7ebf59146cc00c8044acbd863725f887353a10df825fc8ae21",
                "sha256:b00c1de48212e4cc9603895652c5c410df699856a2853135b3967591e4beebc2",
                "sha256:b1282f8c00509d99fef04d8ba936b156d419be841854fe901d8ae224c59f0be5",
                "sha256:b1dba4527182c95a0db8b6060cc98ac49b9e2f5e64320e2b56e47cb2831978c7",
                "sha256:b2051432115498d3562c084a49bba65d97cf251f5a331c64a12ee7e04dacc51b",
                "sha256:b7d644ddb4dbd407d31ffb699f1d140bc35478da613b441c582aeb7c43838dd8",
                "sha256:ba59edeaa2fc6114428f1637ffff42da1e311e29382d81b339c1817d37ec93c6",
                "sha256:bf5aa3cbcfdf57fa2ee9cd1822c862ef23037f5c832ad09cfea57fa846dec193",
                "sha256:c8716a48d94b06bb3b2524c2b77e055fb313aeb4ea620c8dd03a105574ba704f",
                "sha256:caabedc8323f1e93231b52fc32bdcde6db817623d33e100708d9a68e1f53b26b",
                "sha256:cd5df75523866410809ca100dc9681e301e3c27567cf498077e8551b6d20e42f",
                "sha256:cdb132fc825c38e1aeec2c8aa9338310d29d337bebbd7baa06889d09a60a1fa2",
                "sha256:d53bc011414228441014aa71dbec320c66468c1030aae3a6e29778a3382d96e5",
                "sha256:d73a845f227b0bfe8a7455ee623525ee656a9e2e749e4742706d80a6065d5e2c",
                "sha256:d9be0ba6c527163cbed5e0857c451fcd092ce83947944d6c14bc95441203f032",
                "sha256:e249096428b3ae81b08327a63a485ad0878de3fb939049038579ac0ef61e17e7",
                "sha256:e8313f01ba26fbbe36c7be1966a7b7424942f670f38e666995b88d012765b9be",
                "sha256:feb7b34d6325451ef96bc0e36e1a6c0c1c64bc1fbec4b854f4529e51887b1621"
            ],
            "version": "==1.1.1"
        },
        "pelican": {
            "hashes": [
                "sha256:656d8ff9f778951f4e317c9e6530e92b02698c5961ebf019c583775a30f857f6",
                "sha256:be7ea9a09311374322b5579c88975ae003409e40c833e761780a0d0dbd84e756"
            ],
            "index": "pypi",
            "version": "==4.2.0"
        },
        "pillow": {
            "hashes": [
                "sha256:0295442429645fa16d05bd567ef5cff178482439c9aad0411d3f0ce9b88b3a6f",
                "sha256:06aba4169e78c439d528fdeb34762c3b61a70813527a2c57f0540541e9f433a8",
                "sha256:09d7f9e64289cb40c2c8d7ad674b2ed6105f55dc3b09aa8e4918e20a0311e7ad",
                "sha256:0a80dd307a5d8440b0a08bd7b81617e04d870e40a3e46a32d9c246e54705e86f",
                "sha256:1ca594126d3c4def54babee699c055a913efb01e106c309fa6b04405d474d5ae",
                "sha256:25930fadde8019f374400f7986e8404c8b781ce519da27792cbe46eabec00c4d",
                "sha256:431b15cffbf949e89df2f7b48528be18b78bfa5177cb3036284a5508159492b5",
                "sha256:52125833b070791fcb5710fabc640fc1df07d087fc0c0f02d3661f76c23c5b8b",
                "sha256:5e51ee2b8114def244384eda1c82b10e307ad9778dac5c83fb0943775a653cd8",
                "sha256:612cfda94e9c8346f239bf1a4b082fdd5c8143cf82d685ba2dba76e7adeeb233",
                "sha256:6d7741e65835716ceea0fd13a7d0192961212fd59e741a46bbed7a473c634ed6",
                "sha256:6edb5446f44d901e8683ffb25ebdfc26988ee813da3bf91e12252b57ac163727",
                "sha256:725aa6cfc66ce2857d585f06e9519a1cc0ef6d13f186ff3447ab6dff0a09bc7f",
                "sha256:8dad18b69f710bf3a001d2bf3afab7c432785d94fcf819c16b5207b1cfd17d38",
                "sha256:94cf49723928eb6070a892cb39d6c156f7b5a2db4e8971cb958f7b6b104fb4c4",
                "sha256:97f9e7953a77d5a70f49b9a48da7776dc51e9b738151b22dacf101641594a626",
                "sha256:9ad7f865eebde135d526bb3163d0b23ffff365cf87e767c649550964ad72785d",
                "sha256:9c87ef410a58dd54b92424ffd7e28fd2ec65d2f7fc02b76f5e9b2067e355ebf6",
                "sha256:a060cf8aa332052df2158e5a119303965be92c3da6f2d93b6878f0ebca80b2f6",
                "sha256:c79f9c5fb846285f943aafeafda3358992d64f0ef58566e23484132ecd8d7d63",
                "sha256:c92302a33138409e8f1ad16731568c55c9053eee71bb05b6b744067e1b62380f",
                "sha256:d08b23fdb388c0715990cbc06866db554e1822c4bdcf6d4166cf30ac82df8c41",
                "sha256:d350f0f2c2421e65fbc62690f26b59b0bcda1b614beb318c81e38647e0f673a1",
                "sha256:e901964262a56d9ea3c2693df68bc9860b8bdda2b04768821e4c44ae797de117",
                "sha256:ec29604081f10f16a7aea809ad42e27764188fc258b02259a03a8ff7ded3808d",
                "sha256:edf31f1150778abd4322444c393ab9c7bd2af271dd4dafb4208fb613b1f3cdc9",
                "sha256:f7e30c27477dffc3e85c2463b3e649f751789e0f6c8456099eea7ddd53be4a8a",
                "sha256:ffe538682dc19cc542ae7c3e504fdf54ca7f86fb8a135e59dd6bc8627eae6cce"
            ],
            "index": "pypi",
            "version": "==7.2.0"
        },
        "pygments": {
            "hashes": [
                "sha256:bc9591213a8f0e0ca1a5e68a479b4887fdc3e75d0774e5c71c31920c427de435",
                "sha256:df49d09b498e83c1a73128295860250b0b7edd4c723a32e9bc0d295c7c2ec337"
            ],
            "index": "pypi",
            "version": "==2.7.4"
        },
        "python-dateutil": {
            "hashes": [
                "sha256:73ebfe9dbf22e832286dafa60473e4cd239f8592f699aa5adaf10050e6e1823c",
                "sha256:75bb3f31ea686f1197762692a9ee6a7550b59fc6ca3a1f4b5d7e32fb98e2da2a"
            ],
            "version": "==2.8.1"
        },
        "pytz": {
            "hashes": [
                "sha256:83a4a90894bf38e243cf052c8b58f381bfe9a7a483f6a9cab140bc7f702ac4da",
                "sha256:eb10ce3e7736052ed3623d49975ce333bcd712c7bb19a58b9e2089d4057d0798"
            ],
            "version": "==2021.1"
        },
        "six": {
            "hashes": [
                "sha256:30639c035cdb23534cd4aa2dd52c3bf48f06e5f4a941509c8bafd8ce11080259",
                "sha256:8b74bedcbbbaca38ff6d7491d76f2b06b3592611af620f8426e82dddb04a5ced"
            ],
            "version": "==1.15.0"
        },
        "smmap": {
            "hashes": [
                "sha256:7e65386bd122d45405ddf795637b7f7d2b532e7e401d46bbe3fb49b9986d5182",
                "sha256:a9a7479e4c572e2e775c404dcd3080c8dc49f39918c2cf74913d30c4c478e3c2"
            ],
            "version": "==4.0.0"
        },
        "soupsieve": {
            "hashes": [
                "sha256:052774848f448cf19c7e959adf5566904d525f33a3f8b6ba6f6f8f26ec7de0cc",
                "sha256:c2c1c2d44f158cdbddab7824a9af8c4f83c76b1e23e049479aa432feb6c4c23b"
            ],
            "version": "==2.2.1"
        },
        "unidecode": {
            "hashes": [
                "sha256:12435ef2fc4cdfd9cf1035a1db7e98b6b047fe591892e81f34e94959591fad00",
                "sha256:8d73a97d387a956922344f6b74243c2c6771594659778744b2dbdaad8f6b727d"
            ],
            "version": "==1.2.0"
        }
    },
    "develop": {
        "chardet": {
            "hashes": [
                "sha256:0d6f53a15db4120f2b08c94f11e7d93d2c911ee118b6b30a04ec3ee8310179fa",
                "sha256:f864054d66fd9118f2e67044ac8981a54775ec5b67aed0441892edb553d21da5"
            ],
            "version": "==4.0.0"
        },
        "doc8": {
            "hashes": [
                "sha256:4d1df12598807cf08ffa9a1d5ef42d229ee0de42519da01b768ff27211082c12",
                "sha256:4d58a5c8c56cedd2b2c9d6e3153be5d956cf72f6051128f0f2255c66227df721"
            ],
            "index": "pypi",
            "version": "==0.8.1"
        },
        "docutils": {
            "hashes": [
                "sha256:0c5b78adfbf7762415433f5515cd5c9e762339e23369dbe8000d84a4bf4ab3af",
                "sha256:c2de3a60e9e7d07be26b7f2b00ca0309c207e06c100f9cc2a94931fc75a478fc"
            ],
            "version": "==0.16"
        },
        "importlib-metadata": {
            "hashes": [
                "sha256:1cedf994a9b6885dcbb7ed40b24c332b1de3956319f4b1a0f07c0621d453accc",
                "sha256:c9c1b6c7dbc62084f3e6a614a194eb16ded7947736c18e3300125d5c0a7a8b3c"
            ],
            "markers": "python_version < '3.8'",
            "version": "==3.9.1"
        },
        "pbr": {
            "hashes": [
                "sha256:5fad80b613c402d5b7df7bd84812548b2a61e9977387a80a5fc5c396492b13c9",
                "sha256:b236cde0ac9a6aedd5e3c34517b423cd4fd97ef723849da6b0d2231142d89c00"
            ],
            "version": "==5.5.1"
        },
        "pygments": {
            "hashes": [
                "sha256:bc9591213a8f0e0ca1a5e68a479b4887fdc3e75d0774e5c71c31920c427de435",
                "sha256:df49d09b498e83c1a73128295860250b0b7edd4c723a32e9bc0d295c7c2ec337"
            ],
            "index": "pypi",
            "version": "==2.7.4"
        },
        "restructuredtext-lint": {
            "hashes": [
                "sha256:d3b10a1fe2ecac537e51ae6d151b223b78de9fafdd50e5eb6b08c243df173c80"
            ],
            "version": "==1.3.2"
        },
        "rstcheck": {
            "hashes": [
                "sha256:92c4f79256a54270e0402ba16a2f92d0b3c15c8f4410cb9c57127067c215741f"
            ],
            "index": "pypi",
            "version": "==3.3.1"
        },
        "six": {
            "hashes": [
                "sha256:30639c035cdb23534cd4aa2dd52c3bf48f06e5f4a941509c8bafd8ce11080259",
                "sha256:8b74bedcbbbaca38ff6d7491d76f2b06b3592611af620f8426e82dddb04a5ced"
            ],
            "version": "==1.15.0"
        },
        "stevedore": {
            "hashes": [
                "sha256:3a5bbd0652bf552748871eaa73a4a8dc2899786bc497a2aa1fcb4dcdb0debeee",
                "sha256:50d7b78fbaf0d04cd62411188fa7eedcb03eb7f4c4b37005615ceebe582aa82a"
            ],
            "version": "==3.3.0"
        },
        "typing-extensions": {
            "hashes": [
                "sha256:7cb407020f00f7bfc3cb3e7881628838e69d8f3fcab2f64742a5e76b2f841918",
                "sha256:99d4073b617d30288f569d3f13d2bd7548c3a7e4c8de87db09a9d29bb3a4a60c",
                "sha256:dafc7639cde7f1b6e1acc0f457842a83e722ccca8eef5270af2d74792619a89f"
            ],
            "markers": "python_version < '3.8'",
            "version": "==3.7.4.3"
        },
        "zipp": {
            "hashes": [
                "sha256:3607921face881ba3e026887d8150cca609d517579abe052ac81fc5aeffdbd76",
                "sha256:51cb66cc54621609dd593d1787f286ee42a5c0adbb4b29abea5a63edc3e03098"
            ],
            "version": "==3.4.1"
        }
    }
}
