{
    "_meta": {
        "hash": {
            "sha256": "108334138fed3410d2c31ef895cb2009c7cc1933a5ee80bb3e80f33b5fcb282b"
        },
        "pipfile-spec": 6,
        "requires": {
            "python_version": "3"
        },
        "sources": [
            {
                "name": "pypi",
                "url": "https://pypi.org/simple",
                "verify_ssl": true
            }
        ]
    },
    "default": {
        "beautifulsoup4": {
            "hashes": [
                "sha256:05fd825eb01c290877657a56df4c6e4c311b3965bda790c613a3d6fb01a5462a",
                "sha256:9fbb4d6e48ecd30bcacc5b63b94088192dcda178513b2ae3c394229f8911b887",
                "sha256:e1505eeed31b0f4ce2dbb3bc8eb256c04cc2b3b72af7d551a4ab6efd5cbe5dae"
            ],
            "index": "pypi",
            "version": "==4.8.2"
        },
        "blinker": {
            "hashes": [
                "sha256:471aee25f3992bd325afa3772f1063dbdbbca947a041b8b89466dc00d606f8b6"
            ],
            "version": "==1.4"
        },
        "docutils": {
            "hashes": [
                "sha256:0c5b78adfbf7762415433f5515cd5c9e762339e23369dbe8000d84a4bf4ab3af",
                "sha256:c2de3a60e9e7d07be26b7f2b00ca0309c207e06c100f9cc2a94931fc75a478fc"
            ],
            "version": "==0.16"
        },
        "feedgenerator": {
            "hashes": [
                "sha256:a28a5add781509390d1a6a52d017829853ee4bef1d2e7b4d5da0e9d1b395ce54",
                "sha256:a81d240a2c74a2ae80c393cfe374aff1a19ed3fe41a488eacc66edbe46d3f422"
            ],
            "version": "==1.9.1"
        },
        "ghp-import": {
            "hashes": [
                "sha256:3e924ea720e4e1f82d56753db2154bfb86067472c5830732159c3a4c4fbc75d7"
            ],
            "index": "pypi",
            "version": "==0.5.5"
        },
        "jinja2": {
            "hashes": [
                "sha256:93187ffbc7808079673ef52771baa950426fd664d3aad1d0fa3e95644360e250",
                "sha256:b0eaf100007721b5c16c1fc1eecb87409464edc10469ddc9a22a27a99123be49"
            ],
            "version": "==2.11.1"
        },
        "markupsafe": {
            "hashes": [
                "sha256:00bc623926325b26bb9605ae9eae8a215691f33cae5df11ca5424f06f2d1f473",
                "sha256:09027a7803a62ca78792ad89403b1b7a73a01c8cb65909cd876f7fcebd79b161",
                "sha256:09c4b7f37d6c648cb13f9230d847adf22f8171b1ccc4d5682398e77f40309235",
                "sha256:1027c282dad077d0bae18be6794e6b6b8c91d58ed8a8d89a89d59693b9131db5",
                "sha256:13d3144e1e340870b25e7b10b98d779608c02016d5184cfb9927a9f10c689f42",
                "sha256:24982cc2533820871eba85ba648cd53d8623687ff11cbb805be4ff7b4c971aff",
                "sha256:29872e92839765e546828bb7754a68c418d927cd064fd4708fab9fe9c8bb116b",
                "sha256:43a55c2930bbc139570ac2452adf3d70cdbb3cfe5912c71cdce1c2c6bbd9c5d1",
                "sha256:46c99d2de99945ec5cb54f23c8cd5689f6d7177305ebff350a58ce5f8de1669e",
                "sha256:500d4957e52ddc3351cabf489e79c91c17f6e0899158447047588650b5e69183",
                "sha256:535f6fc4d397c1563d08b88e485c3496cf5784e927af890fb3c3aac7f933ec66",
                "sha256:596510de112c685489095da617b5bcbbac7dd6384aeebeda4df6025d0256a81b",
                "sha256:62fe6c95e3ec8a7fad637b7f3d372c15ec1caa01ab47926cfdf7a75b40e0eac1",
                "sha256:6788b695d50a51edb699cb55e35487e430fa21f1ed838122d722e0ff0ac5ba15",
                "sha256:6dd73240d2af64df90aa7c4e7481e23825ea70af4b4922f8ede5b9e35f78a3b1",
                "sha256:717ba8fe3ae9cc0006d7c451f0bb265ee07739daf76355d06366154ee68d221e",
                "sha256:79855e1c5b8da654cf486b830bd42c06e8780cea587384cf6545b7d9ac013a0b",
                "sha256:7c1699dfe0cf8ff607dbdcc1e9b9af1755371f92a68f706051cc8c37d447c905",
                "sha256:88e5fcfb52ee7b911e8bb6d6aa2fd21fbecc674eadd44118a9cc3863f938e735",
                "sha256:8defac2f2ccd6805ebf65f5eeb132adcf2ab57aa11fdf4c0dd5169a004710e7d",
                "sha256:98c7086708b163d425c67c7a91bad6e466bb99d797aa64f965e9d25c12111a5e",
                "sha256:9add70b36c5666a2ed02b43b335fe19002ee5235efd4b8a89bfcf9005bebac0d",
                "sha256:9bf40443012702a1d2070043cb6291650a0841ece432556f784f004937f0f32c",
                "sha256:ade5e387d2ad0d7ebf59146cc00c8044acbd863725f887353a10df825fc8ae21",
                "sha256:b00c1de48212e4cc9603895652c5c410df699856a2853135b3967591e4beebc2",
                "sha256:b1282f8c00509d99fef04d8ba936b156d419be841854fe901d8ae224c59f0be5",
                "sha256:b2051432115498d3562c084a49bba65d97cf251f5a331c64a12ee7e04dacc51b",
                "sha256:ba59edeaa2fc6114428f1637ffff42da1e311e29382d81b339c1817d37ec93c6",
                "sha256:c8716a48d94b06bb3b2524c2b77e055fb313aeb4ea620c8dd03a105574ba704f",
                "sha256:cd5df75523866410809ca100dc9681e301e3c27567cf498077e8551b6d20e42f",
                "sha256:cdb132fc825c38e1aeec2c8aa9338310d29d337bebbd7baa06889d09a60a1fa2",
                "sha256:e249096428b3ae81b08327a63a485ad0878de3fb939049038579ac0ef61e17e7",
                "sha256:e8313f01ba26fbbe36c7be1966a7b7424942f670f38e666995b88d012765b9be"
            ],
            "version": "==1.1.1"
        },
        "pelican": {
            "hashes": [
                "sha256:656d8ff9f778951f4e317c9e6530e92b02698c5961ebf019c583775a30f857f6",
                "sha256:be7ea9a09311374322b5579c88975ae003409e40c833e761780a0d0dbd84e756"
            ],
            "index": "pypi",
            "version": "==4.2.0"
        },
        "pillow": {
            "hashes": [
                "sha256:0a628977ac2e01ca96aaae247ec2bd38e729631ddf2221b4b715446fd45505be",
                "sha256:4d9ed9a64095e031435af120d3c910148067087541131e82b3e8db302f4c8946",
                "sha256:54ebae163e8412aff0b9df1e88adab65788f5f5b58e625dc5c7f51eaf14a6837",
                "sha256:5bfef0b1cdde9f33881c913af14e43db69815c7e8df429ceda4c70a5e529210f",
                "sha256:5f3546ceb08089cedb9e8ff7e3f6a7042bb5b37c2a95d392fb027c3e53a2da00",
                "sha256:5f7ae9126d16194f114435ebb79cc536b5682002a4fa57fa7bb2cbcde65f2f4d",
                "sha256:62a889aeb0a79e50ecf5af272e9e3c164148f4bd9636cc6bcfa182a52c8b0533",
                "sha256:7406f5a9b2fd966e79e6abdaf700585a4522e98d6559ce37fc52e5c955fade0a",
                "sha256:8453f914f4e5a3d828281a6628cf517832abfa13ff50679a4848926dac7c0358",
                "sha256:87269cc6ce1e3dee11f23fa515e4249ae678dbbe2704598a51cee76c52e19cda",
                "sha256:875358310ed7abd5320f21dd97351d62de4929b0426cdb1eaa904b64ac36b435",
                "sha256:8ac6ce7ff3892e5deaab7abaec763538ffd011f74dc1801d93d3c5fc541feee2",
                "sha256:91b710e3353aea6fc758cdb7136d9bbdcb26b53cefe43e2cba953ac3ee1d3313",
                "sha256:9d2ba4ed13af381233e2d810ff3bab84ef9f18430a9b336ab69eaf3cd24299ff",
                "sha256:a62ec5e13e227399be73303ff301f2865bf68657d15ea50b038d25fc41097317",
                "sha256:ab76e5580b0ed647a8d8d2d2daee170e8e9f8aad225ede314f684e297e3643c2",
                "sha256:bf4003aa538af3f4205c5fac56eacaa67a6dd81e454ffd9e9f055fff9f1bc614",
                "sha256:bf598d2e37cf8edb1a2f26ed3fb255191f5232badea4003c16301cb94ac5bdd0",
                "sha256:c18f70dc27cc5d236f10e7834236aff60aadc71346a5bc1f4f83a4b3abee6386",
                "sha256:c5ed816632204a2fc9486d784d8e0d0ae754347aba99c811458d69fcdfd2a2f9",
                "sha256:dc058b7833184970d1248135b8b0ab702e6daa833be14035179f2acb78ff5636",
                "sha256:ff3797f2f16bf9d17d53257612da84dd0758db33935777149b3334c01ff68865"
            ],
            "index": "pypi",
            "version": "==7.0.0"
        },
        "pygments": {
            "hashes": [
                "sha256:647344a061c249a3b74e230c739f434d7ea4d8b1d5f3721bc0f3558049b38f44",
                "sha256:ff7a40b4860b727ab48fad6360eb351cc1b33cbf9b15a0f689ca5353e9463324"
            ],
            "index": "pypi",
            "version": "==2.6.1"
        },
        "python-dateutil": {
            "hashes": [
                "sha256:73ebfe9dbf22e832286dafa60473e4cd239f8592f699aa5adaf10050e6e1823c",
                "sha256:75bb3f31ea686f1197762692a9ee6a7550b59fc6ca3a1f4b5d7e32fb98e2da2a"
            ],
            "version": "==2.8.1"
        },
        "pytz": {
            "hashes": [
                "sha256:1c557d7d0e871de1f5ccd5833f60fb2550652da6be2693c1e02300743d21500d",
                "sha256:b02c06db6cf09c12dd25137e563b31700d3b80fcc4ad23abb7a315f2789819be"
            ],
            "version": "==2019.3"
        },
        "six": {
            "hashes": [
                "sha256:236bdbdce46e6e6a3d61a337c0f8b763ca1e8717c03b369e87a7ec7ce1319c0a",
                "sha256:8f3cd2e254d8f793e7f3d6d9df77b92252b52637291d0f0da013c76ea2724b6c"
            ],
            "version": "==1.14.0"
        },
        "soupsieve": {
            "hashes": [
                "sha256:e914534802d7ffd233242b785229d5ba0766a7f487385e3f714446a07bf540ae",
                "sha256:fcd71e08c0aee99aca1b73f45478549ee7e7fc006d51b37bec9e9def7dc22b69"
            ],
            "version": "==2.0"
        },
        "unidecode": {
            "hashes": [
                "sha256:1d7a042116536098d05d599ef2b8616759f02985c85b4fef50c78a5aaf10822a",
                "sha256:2b6aab710c2a1647e928e36d69c21e76b453cd455f4e2621000e54b2a9b8cce8"
            ],
            "version": "==1.1.1"
        }
    },
    "develop": {
        "chardet": {
            "hashes": [
                "sha256:84ab92ed1c4d4f16916e05906b6b75a6c0fb5db821cc65e70cbd64a3e2a5eaae",
                "sha256:fc323ffcaeaed0e0a02bf4d117757b98aed530d9ed4531e3e15460124c106691"
            ],
            "version": "==3.0.4"
        },
        "doc8": {
            "hashes": [
                "sha256:2df89f9c1a5abfb98ab55d0175fed633cae0cf45025b8b1e0ee5ea772be28543",
                "sha256:d12f08aa77a4a65eb28752f4bc78f41f611f9412c4155e2b03f1f5d4a45efe04"
            ],
            "index": "pypi",
            "version": "==0.8.0"
        },
        "docutils": {
            "hashes": [
                "sha256:0c5b78adfbf7762415433f5515cd5c9e762339e23369dbe8000d84a4bf4ab3af",
                "sha256:c2de3a60e9e7d07be26b7f2b00ca0309c207e06c100f9cc2a94931fc75a478fc"
            ],
            "version": "==0.16"
        },
        "pbr": {
            "hashes": [
                "sha256:139d2625547dbfa5fb0b81daebb39601c478c21956dc57e2e07b74450a8c506b",
                "sha256:61aa52a0f18b71c5cc58232d2cf8f8d09cd67fcad60b742a60124cb8d6951488"
            ],
            "version": "==5.4.4"
        },
        "restructuredtext-lint": {
            "hashes": [
                "sha256:97b3da356d5b3a8514d8f1f9098febd8b41463bed6a1d9f126cf0a048b6fd908"
            ],
            "version": "==1.3.0"
        },
        "rstcheck": {
            "hashes": [
                "sha256:92c4f79256a54270e0402ba16a2f92d0b3c15c8f4410cb9c57127067c215741f"
            ],
            "index": "pypi",
            "version": "==3.3.1"
        },
        "six": {
            "hashes": [
                "sha256:236bdbdce46e6e6a3d61a337c0f8b763ca1e8717c03b369e87a7ec7ce1319c0a",
                "sha256:8f3cd2e254d8f793e7f3d6d9df77b92252b52637291d0f0da013c76ea2724b6c"
            ],
            "version": "==1.14.0"
        },
        "stevedore": {
            "hashes": [
                "sha256:18afaf1d623af5950cc0f7e75e70f917784c73b652a34a12d90b309451b5500b",
                "sha256:a4e7dc759fb0f2e3e2f7d8ffe2358c19d45b9b8297f393ef1256858d82f69c9b"
            ],
            "version": "==1.32.0"
        }
    }
}
