[[package]]
name = "beautifulsoup4"
version = "4.9.3"
description = "Screen-scraping library"
category = "main"
optional = false
python-versions = "*"

[package.dependencies]
soupsieve = {version = ">1.2", markers = "python_version >= \"3.0\""}

[package.extras]
html5lib = ["html5lib"]
lxml = ["lxml"]

[[package]]
name = "blinker"
version = "1.4"
description = "Fast, simple object-to-object and broadcast signaling"
category = "main"
optional = false
python-versions = "*"

[[package]]
name = "chardet"
version = "3.0.4"
description = "Universal encoding detector for Python 2 and 3"
category = "dev"
optional = false
python-versions = "*"

[[package]]
name = "doc8"
version = "0.8.1"
description = "Style checker for Sphinx (or other) RST documentation"
category = "dev"
optional = false
python-versions = "*"

[package.dependencies]
chardet = "*"
docutils = "*"
Pygments = "*"
restructuredtext-lint = ">=0.7"
six = "*"
stevedore = "*"

[[package]]
name = "docutils"
version = "0.15"
description = "Docutils -- Python Documentation Utilities"
category = "main"
optional = false
python-versions = "*"

[[package]]
name = "feedgenerator"
version = "1.9.1"
description = "Standalone version of django.utils.feedgenerator"
category = "main"
optional = false
python-versions = "*"

[package.dependencies]
pytz = ">=0a"
six = "*"

[[package]]
name = "ghp-import"
version = "0.5.5"
description = "Copy your docs directly to the gh-pages branch."
category = "main"
optional = false
python-versions = "*"

[[package]]
name = "gitdb2"
version = "2.0.4"
description = "Git Object Database"
category = "main"
optional = false
python-versions = "*"

[package.dependencies]
smmap2 = ">=2.0.0"

[[package]]
name = "gitpython"
version = "2.1.7"
description = "Python Git Library"
category = "main"
optional = false
python-versions = "*"

[package.dependencies]
gitdb2 = ">=2.0.0"

[[package]]
name = "jinja2"
version = "2.10.3"
description = "A very fast and expressive template engine."
category = "main"
optional = false
python-versions = "*"

[package.dependencies]
MarkupSafe = ">=0.23"

[package.extras]
i18n = ["Babel (>=0.8)"]

[[package]]
name = "markupsafe"
version = "1.1.1"
description = "Implements a XML/HTML/XHTML Markup safe string for Python"
category = "main"
optional = false
python-versions = "*"

[[package]]
name = "olefile"
version = "0.44"
description = "Python package to parse, read and write Microsoft OLE2 files (Structured Storage or Compound Document, Microsoft Office) - Improved version of the OleFileIO module from PIL, the Python Image Library."
category = "main"
optional = false
python-versions = "*"

[[package]]
name = "pbr"
version = "5.6.0"
description = "Python Build Reasonableness"
category = "dev"
optional = false
python-versions = ">=2.6"

[[package]]
name = "pelican"
version = "4.2.0"
description = "Static site generator supporting reStructuredText and Markdown source content."
category = "main"
optional = false
python-versions = "*"

[package.dependencies]
blinker = "*"
docutils = "*"
feedgenerator = ">=1.9"
jinja2 = ">=2.7"
pygments = "*"
python-dateutil = "*"
pytz = ">=0a"
six = ">=1.4"
unidecode = "*"

[package.extras]
markdown = ["markdown (>=3.1.1,<3.2.0)"]

[[package]]
name = "pillow"
version = "8.2.0"
description = "Python Imaging Library (Fork)"
category = "main"
optional = false
python-versions = "*"

[package.dependencies]
olefile = "*"

[[package]]
name = "pygments"
version = "2.3.1"
description = "Pygments is a syntax highlighting package written in Python."
category = "main"
optional = false
python-versions = "*"

[[package]]
name = "python-dateutil"
version = "2.6.1"
description = "Extensions to the standard Python datetime module"
category = "main"
optional = false
python-versions = "*"

[package.dependencies]
six = ">=1.5"

[[package]]
name = "pytz"
version = "2021.1"
description = "World timezone definitions, modern and historical"
category = "main"
optional = false
python-versions = "*"

[[package]]
name = "restructuredtext-lint"
version = "1.3.2"
description = "reStructuredText linter"
category = "dev"
optional = false
python-versions = "*"

[package.dependencies]
docutils = ">=0.11,<1.0"

[[package]]
name = "rstcheck"
version = "3.3.1"
description = "Checks syntax of reStructuredText and code blocks nested within it"
category = "dev"
optional = false
python-versions = "*"

[package.dependencies]
docutils = ">=0.7"

[[package]]
name = "six"
version = "1.11.0"
description = "Python 2 and 3 compatibility utilities"
category = "main"
optional = false
python-versions = "*"

[[package]]
name = "smmap2"
version = "2.0.4"
description = "A pure python implementation of a sliding window memory map manager"
category = "main"
optional = false
python-versions = "*"

[[package]]
name = "soupsieve"
version = "1.9.6"
description = "A modern CSS selector implementation for Beautiful Soup."
category = "main"
optional = false
python-versions = "*"

[[package]]
name = "stevedore"
version = "1.32.0"
description = "Manage dynamic plugins for Python applications"
category = "dev"
optional = false
python-versions = "*"

[package.dependencies]
pbr = ">=2.0.0,<2.1.0 || >2.1.0"
six = ">=1.10.0"

[[package]]
name = "unidecode"
version = "1.0.23"
description = "ASCII transliterations of Unicode text"
category = "main"
optional = false
python-versions = "*"

[metadata]
lock-version = "1.1"
python-versions = "^3"
content-hash = "865fb6d9fdb64b60c9fbdbf886ceb9ed2a1ef51b0a006a6db0089ecd91af78b2"

[metadata.files]
beautifulsoup4 = [
    {file = "beautifulsoup4-4.9.3-py2-none-any.whl", hash = "sha256:4c98143716ef1cb40bf7f39a8e3eec8f8b009509e74904ba3a7b315431577e35"},
    {file = "beautifulsoup4-4.9.3-py3-none-any.whl", hash = "sha256:fff47e031e34ec82bf17e00da8f592fe7de69aeea38be00523c04623c04fb666"},
    {file = "beautifulsoup4-4.9.3.tar.gz", hash = "sha256:84729e322ad1d5b4d25f805bfa05b902dd96450f43842c4e99067d5e1369eb25"},
]
blinker = [
    {file = "blinker-1.4.tar.gz", hash = "sha256:471aee25f3992bd325afa3772f1063dbdbbca947a041b8b89466dc00d606f8b6"},
]
chardet = [
    {file = "chardet-3.0.4-py2.py3-none-any.whl", hash = "sha256:fc323ffcaeaed0e0a02bf4d117757b98aed530d9ed4531e3e15460124c106691"},
    {file = "chardet-3.0.4.tar.gz", hash = "sha256:84ab92ed1c4d4f16916e05906b6b75a6c0fb5db821cc65e70cbd64a3e2a5eaae"},
]
doc8 = [
    {file = "doc8-0.8.1-py2.py3-none-any.whl", hash = "sha256:4d58a5c8c56cedd2b2c9d6e3153be5d956cf72f6051128f0f2255c66227df721"},
    {file = "doc8-0.8.1.tar.gz", hash = "sha256:4d1df12598807cf08ffa9a1d5ef42d229ee0de42519da01b768ff27211082c12"},
]
docutils = [
    {file = "docutils-0.15-py3-none-any.whl", hash = "sha256:d2ddba74835cb090a1b627d3de4e7835c628d07ee461f7b4480f51af2fe4d448"},
    {file = "docutils-0.15.post1-py2-none-any.whl", hash = "sha256:ba4584f9107571ced0d2c7f56a5499c696215ba90797849c92d395979da68521"},
    {file = "docutils-0.15.tar.gz", hash = "sha256:54a349c622ff31c91cbec43b0b512f113b5b24daf00e2ea530bb1bd9aac14849"},
]
feedgenerator = [
    {file = "feedgenerator-1.9.1-py3-none-any.whl", hash = "sha256:a81d240a2c74a2ae80c393cfe374aff1a19ed3fe41a488eacc66edbe46d3f422"},
    {file = "feedgenerator-1.9.1.tar.gz", hash = "sha256:a28a5add781509390d1a6a52d017829853ee4bef1d2e7b4d5da0e9d1b395ce54"},
]
ghp-import = [
    {file = "ghp-import-0.5.5.tar.gz", hash = "sha256:3e924ea720e4e1f82d56753db2154bfb86067472c5830732159c3a4c4fbc75d7"},
]
gitdb2 = [
    {file = "gitdb2-2.0.4-py2.py3-none-any.whl", hash = "sha256:87783b7f4a8f6b71c7fe81d32179b3c8781c1a7d6fa0c69bff2f315b00aff4f8"},
    {file = "gitdb2-2.0.4.tar.gz", hash = "sha256:bb4c85b8a58531c51373c89f92163b92f30f81369605a67cd52d1fc21246c044"},
]
gitpython = [
    {file = "GitPython-2.1.7-py2.py3-none-any.whl", hash = "sha256:e0b84d37fc7a3594e14818534ef3836d8182925399931a26eab2eb8ef5243a58"},
    {file = "GitPython-2.1.7.tar.gz", hash = "sha256:13c7cd99c2bf277fc99accfc25148752fa90e7cc6c6d08a3f01d229dacb461d9"},
]
jinja2 = [
    {file = "Jinja2-2.10.3-py2.py3-none-any.whl", hash = "sha256:74320bb91f31270f9551d46522e33af46a80c3d619f4a4bf42b3164d30b5911f"},
    {file = "Jinja2-2.10.3.tar.gz", hash = "sha256:9fe95f19286cfefaa917656583d020be14e7859c6b0252588391e47db34527de"},
]
markupsafe = [
    {file = "MarkupSafe-1.0.tar.gz", hash = "sha256:a6be69091dac236ea9c6bc7d012beab42010fa914c459791d627dad4910eb665"},
]
olefile = [
    {file = "olefile-0.44.zip", hash = "sha256:61f2ca0cd0aa77279eb943c07f607438edf374096b66332fae1ee64a6f0f73ad"},
]
pbr = [
    {file = "pbr-5.6.0-py2.py3-none-any.whl", hash = "sha256:c68c661ac5cc81058ac94247278eeda6d2e6aecb3e227b0387c30d277e7ef8d4"},
    {file = "pbr-5.6.0.tar.gz", hash = "sha256:42df03e7797b796625b1029c0400279c7c34fd7df24a7d7818a1abb5b38710dd"},
]
pelican = [
    {file = "pelican-4.2.0-py2.py3-none-any.whl", hash = "sha256:656d8ff9f778951f4e317c9e6530e92b02698c5961ebf019c583775a30f857f6"},
    {file = "pelican-4.2.0.tar.gz", hash = "sha256:be7ea9a09311374322b5579c88975ae003409e40c833e761780a0d0dbd84e756"},
]
pillow = [
    {file = "Pillow-4.3.0-cp27-cp27m-macosx_10_6_intel.macosx_10_9_intel.macosx_10_9_x86_64.macosx_10_10_intel.macosx_10_10_x86_64.whl", hash = "sha256:cc6a5ed5b8f9d2f25e4e42d562e0ec4df3ce838f9e9b9d9d9b65fac6fe93a4cc"},
    {file = "Pillow-4.3.0-cp27-cp27m-manylinux1_i686.whl", hash = "sha256:54898190b538a6c8fa4228e866ff2e7609da1ba9fd1d9cc5dc8ca591d37ce0a8"},
    {file = "Pillow-4.3.0-cp27-cp27m-manylinux1_x86_64.whl", hash = "sha256:a336596b06e062b92eb8201a3b5dff07ae01c3a5d08ce5539d2da49b123f2be6"},
    {file = "Pillow-4.3.0-cp27-cp27m-win32.whl", hash = "sha256:e66080685863444738f08e13081c287e340b6e4f8bd674a2e0da967776ac6f46"},
    {file = "Pillow-4.3.0-cp27-cp27m-win_amd64.whl", hash = "sha256:575a9b3468c82f38be0419cd39d35001ae95a0cc5226534e45430035fecef583"},
    {file = "Pillow-4.3.0-cp27-cp27mu-manylinux1_i686.whl", hash = "sha256:922aeb050bd52d8ce9531ab57fd2440bfe975900e8700fec385fb741c3c557c7"},
    {file = "Pillow-4.3.0-cp27-cp27mu-manylinux1_x86_64.whl", hash = "sha256:6d814aa655d94c63547fc3208cb6ab886ff1a64c543b31f52658663b1bb3f011"},
    {file = "Pillow-4.3.0-cp33-cp33m-macosx_10_6_x86_64.macosx_10_9_intel.macosx_10_9_x86_64.macosx_10_10_intel.macosx_10_10_x86_64.whl", hash = "sha256:4fb8ab0f8895fb946454ef6ffe806f49ee387095f2d6112ae24670e5fb8fbcd9"},
    {file = "Pillow-4.3.0-cp33-cp33m-win32.whl", hash = "sha256:1d742642d01914b7e0cf6fd597a51f57d21fd68f794cf84803e03e72db78a261"},
    {file = "Pillow-4.3.0-cp33-cp33m-win_amd64.whl", hash = "sha256:59cef683d79b85d55a950c1e61dc7b6be0c45a5074692746354cd9a8ace1cd17"},
    {file = "Pillow-4.3.0-cp34-cp34m-macosx_10_6_intel.macosx_10_9_intel.macosx_10_9_x86_64.macosx_10_10_intel.macosx_10_10_x86_64.whl", hash = "sha256:822e4fc261d12fa44d88dadee0e93d59663db94d962d4ffffbf09b1fe5e5be51"},
    {file = "Pillow-4.3.0-cp34-cp34m-manylinux1_i686.whl", hash = "sha256:a6f43511c79bed431ec2b56e55150b5222c732cd9e5f80e77a44e068e94c71fc"},
    {file = "Pillow-4.3.0-cp34-cp34m-manylinux1_x86_64.whl", hash = "sha256:2046a2001e2c413998951cc28aa0dbfd4cff846a12e24c2145d42630d5104094"},
    {file = "Pillow-4.3.0-cp34-cp34m-win32.whl", hash = "sha256:39c7c9dcf64430091e30ef14d4191b4cae9b7b5ff29762357730aac4866fb189"},
    {file = "Pillow-4.3.0-cp34-cp34m-win_amd64.whl", hash = "sha256:f2d71951f473744ac617b645b62d0c4df5372ef4618c425646bfe5e2e8878e61"},
    {file = "Pillow-4.3.0-cp35-cp35m-macosx_10_6_intel.macosx_10_9_intel.macosx_10_9_x86_64.macosx_10_10_intel.macosx_10_10_x86_64.whl", hash = "sha256:9adcfa2477b7e279ebeee75b49f535518201bbd7d26ca2ef1cf6751cb6e658e8"},
    {file = "Pillow-4.3.0-cp35-cp35m-manylinux1_i686.whl", hash = "sha256:0e3b56364a2c772c961a8faad8a835d3f24d8848310de035c9e07cc006035cbc"},
    {file = "Pillow-4.3.0-cp35-cp35m-manylinux1_x86_64.whl", hash = "sha256:92087cb92a968421f42235f7d8153f4766b6ba213a6efb36b8060f3c9d294569"},
    {file = "Pillow-4.3.0-cp35-cp35m-win32.whl", hash = "sha256:53eaec751151b5713a15b1cd62b06d0fc16d72f56623c15448728c554c30770b"},
    {file = "Pillow-4.3.0-cp35-cp35m-win_amd64.whl", hash = "sha256:e595312f67962d6b4fde3b7dffaaaca4becefa522d677676bb57b0ec5f8f921a"},
    {file = "Pillow-4.3.0-cp36-cp36m-macosx_10_6_intel.macosx_10_9_intel.macosx_10_9_x86_64.macosx_10_10_intel.macosx_10_10_x86_64.whl", hash = "sha256:dc32362d0cadf18c3aef7040455760106cafe7dd3c211dc27c507e746376bb56"},
    {file = "Pillow-4.3.0-cp36-cp36m-manylinux1_i686.whl", hash = "sha256:759e5e3e99c4ac87b99e9288a75236c63173d1bb24c8d3f9d9d2c8332fceeb0a"},
    {file = "Pillow-4.3.0-cp36-cp36m-manylinux1_x86_64.whl", hash = "sha256:b13106cb83a3b7d1a02fafb94bfafbc980465ba948b76ea1996245959c6783d2"},
    {file = "Pillow-4.3.0-cp36-cp36m-win32.whl", hash = "sha256:9184b9788a9cf677e53626a4dc141136a22d349a5480479b98defd3cfb5015a4"},
    {file = "Pillow-4.3.0-cp36-cp36m-win_amd64.whl", hash = "sha256:be803fae6af36639524a0f6861a8cface67bbec66c3416c3eaf592f1d45b8b20"},
    {file = "Pillow-4.3.0-pp258-pypy_41-win32.whl", hash = "sha256:effa82e72f5064439a3d2c7ff615b999eb1c4d65bb1f1e6ee6e2ddb345b3e81e"},
    {file = "Pillow-4.3.0-py2.7-win-amd64.egg", hash = "sha256:7b3cf7a80608ed661b77793f64e1f2bd1e77136ad0b750aa2c81fac9c7e2c785"},
    {file = "Pillow-4.3.0-py2.7-win32.egg", hash = "sha256:9dc002a914cefa710dcb9fb204d34f6cd822662047a6038178f5fc9bfa7be961"},
    {file = "Pillow-4.3.0-py3.3-win-amd64.egg", hash = "sha256:4d3dbd93b131013a71b2e98530dd4945a03c7994d42381e44a921dd8bec300bc"},
    {file = "Pillow-4.3.0-py3.3-win32.egg", hash = "sha256:a9bad3405a642649e68568fe9832e8f6ae585354ab0b4ae250816ead11a553a2"},
    {file = "Pillow-4.3.0-py3.4-win-amd64.egg", hash = "sha256:a9721fe1f6fdfe0c108ea81b1a05dc216f1ec5bb65ef1de1d85fd00494d019e0"},
    {file = "Pillow-4.3.0-py3.4-win32.egg", hash = "sha256:9a1514bee2e32e0d4c0f55ba7a20f4387f883e37c7d2db64ca50449ffebe86cc"},
    {file = "Pillow-4.3.0-py3.5-win-amd64.egg", hash = "sha256:ccc9c1f5ba413fc5ee09bc78de7dd2ad8e189edb48f3bc38acedd04a7f43a0c1"},
    {file = "Pillow-4.3.0-py3.5-win32.egg", hash = "sha256:e75d745306ec8aac0e6903358fdfc7fb6854febe551ed753ee7a1cad058b61bb"},
    {file = "Pillow-4.3.0-py3.6-win-amd64.egg", hash = "sha256:250d8470661fd657c2583672ab5139f40e7f2ef28ecdc90f87563af0b27f6fba"},
    {file = "Pillow-4.3.0-py3.6-win32.egg", hash = "sha256:150e24462fd106074a9a63417a55fbb0c633716cef9511f1bd7a773972de14f4"},
    {file = "Pillow-4.3.0.tar.gz", hash = "sha256:a97c715d44efd5b4aa8d739b8fad88b93ed79f1b33fc2822d5802043f3b1b527"},
    {file = "Pillow-4.3.0.win-amd64-py2.7.exe", hash = "sha256:77834551d3e928f3da922ce9dfb5c8db46758ea2f2922d4c5835a5b67a222aff"},
    {file = "Pillow-4.3.0.win-amd64-py3.3.exe", hash = "sha256:c00301e807084706bd46a1c56694ee235debe68eaf482c0186edfe07b93a9f6a"},
    {file = "Pillow-4.3.0.win-amd64-py3.4.exe", hash = "sha256:0163bd681d3488e2e9c26f4fbbfefcfb7f32259c431bfd2c3bc25574708a8b8c"},
    {file = "Pillow-4.3.0.win-amd64-py3.5.exe", hash = "sha256:223b06c337d8d60fb65af3b540ab1fa4644931d61d1fddf6e32f7a0e496685f2"},
    {file = "Pillow-4.3.0.win-amd64-py3.6.exe", hash = "sha256:1ab641cb7daf88e88ede8d3b89b7bd68a7099d8671160492d5e6845e24426080"},
    {file = "Pillow-4.3.0.win32-py2.7.exe", hash = "sha256:dbefe5aa0882f00f12eceb3fb7df57105cd87fae767ca025db4685b7577c2390"},
    {file = "Pillow-4.3.0.win32-py3.3.exe", hash = "sha256:62a7bbf0a1120ff07a99ddedd383779a8d80bd9d363f3964b2b43a26cef6ea50"},
    {file = "Pillow-4.3.0.win32-py3.4.exe", hash = "sha256:42b4a67949085ddd4559c3c716a00a275fb45cb2c3a3aeec95c4b94419b7c243"},
    {file = "Pillow-4.3.0.win32-py3.5.exe", hash = "sha256:0ac037e6c1746d63a1ea354f0d5974d8f3f984fc0333be373ad193711a89b1e9"},
    {file = "Pillow-4.3.0.win32-py3.6.exe", hash = "sha256:8989cbf10ea07fc9982ec86116f6234bb3e44da481874ac94650d6176f60106f"},
]
pygments = [
    {file = "Pygments-2.3.1-py2.py3-none-any.whl", hash = "sha256:e8218dd399a61674745138520d0d4cf2621d7e032439341bc3f647bff125818d"},
    {file = "Pygments-2.3.1.tar.gz", hash = "sha256:5ffada19f6203563680669ee7f53b64dabbeb100eb51b61996085e99c03b284a"},
]
python-dateutil = [
    {file = "python-dateutil-2.6.1.tar.gz", hash = "sha256:891c38b2a02f5bb1be3e4793866c8df49c7d19baabf9c1bad62547e0b4866aca"},
    {file = "python_dateutil-2.6.1-py2.py3-none-any.whl", hash = "sha256:95511bae634d69bc7329ba55e646499a842bc4ec342ad54a8cdb65645a0aad3c"},
]
pytz = [
    {file = "pytz-2021.1-py2.py3-none-any.whl", hash = "sha256:eb10ce3e7736052ed3623d49975ce333bcd712c7bb19a58b9e2089d4057d0798"},
    {file = "pytz-2021.1.tar.gz", hash = "sha256:83a4a90894bf38e243cf052c8b58f381bfe9a7a483f6a9cab140bc7f702ac4da"},
]
restructuredtext-lint = [
    {file = "restructuredtext_lint-1.3.2.tar.gz", hash = "sha256:d3b10a1fe2ecac537e51ae6d151b223b78de9fafdd50e5eb6b08c243df173c80"},
]
rstcheck = [
    {file = "rstcheck-3.3.1.tar.gz", hash = "sha256:92c4f79256a54270e0402ba16a2f92d0b3c15c8f4410cb9c57127067c215741f"},
]
six = [
    {file = "six-1.11.0-py2.py3-none-any.whl", hash = "sha256:832dc0e10feb1aa2c68dcc57dbb658f1c7e65b9b61af69048abc87a2db00a0eb"},
    {file = "six-1.11.0.tar.gz", hash = "sha256:70e8a77beed4562e7f14fe23a786b54f6296e34344c23bc42f07b15018ff98e9"},
]
smmap2 = [
    {file = "smmap2-2.0.4-py2.py3-none-any.whl", hash = "sha256:0dd53d991af487f9b22774fa89451358da3607c02b9b886a54736c6a313ece0b"},
    {file = "smmap2-2.0.4.tar.gz", hash = "sha256:dc216005e529d57007ace27048eb336dcecb7fc413cfb3b2f402bb25972b69c6"},
]
soupsieve = [
    {file = "soupsieve-1.9.6-py2.py3-none-any.whl", hash = "sha256:feb1e937fa26a69e08436aad4a9037cd7e1d4c7212909502ba30701247ff8abd"},
    {file = "soupsieve-1.9.6.tar.gz", hash = "sha256:7985bacc98c34923a439967c1a602dc4f1e15f923b6fcf02344184f86cc7efaa"},
]
stevedore = [
    {file = "stevedore-1.32.0-py2.py3-none-any.whl", hash = "sha256:a4e7dc759fb0f2e3e2f7d8ffe2358c19d45b9b8297f393ef1256858d82f69c9b"},
    {file = "stevedore-1.32.0.tar.gz", hash = "sha256:18afaf1d623af5950cc0f7e75e70f917784c73b652a34a12d90b309451b5500b"},
]
unidecode = [
    {file = "Unidecode-1.0.23-py2.py3-none-any.whl", hash = "sha256:092cdf7ad9d1052c50313426a625b717dab52f7ac58f859e09ea020953b1ad8f"},
    {file = "Unidecode-1.0.23.tar.gz", hash = "sha256:8b85354be8fd0c0e10adbf0675f6dc2310e56fda43fa8fe049123b6c475e52fb"},
]
