# This file is automatically @generated by Poetry and should not be changed by hand.

[[package]]
name = "beautifulsoup4"
version = "4.11.1"
description = "Screen-scraping library"
category = "main"
optional = false
python-versions = ">=3.6.0"
files = [
    {file = "beautifulsoup4-4.11.1-py3-none-any.whl", hash = "sha256:58d5c3d29f5a36ffeb94f02f0d786cd53014cf9b3b3951d42e0080d8a9498d30"},
    {file = "beautifulsoup4-4.11.1.tar.gz", hash = "sha256:ad9aa55b65ef2808eb405f46cf74df7fcb7044d5cbc26487f96eb2ef2e436693"},
]

[package.dependencies]
soupsieve = ">1.2"

[package.extras]
html5lib = ["html5lib"]
lxml = ["lxml"]

[[package]]
name = "blinker"
version = "1.5"
description = "Fast, simple object-to-object and broadcast signaling"
category = "main"
optional = false
python-versions = ">=2.7, !=3.0.*, !=3.1.*, !=3.2.*, !=3.3.*, !=3.4.*"
files = [
    {file = "blinker-1.5-py2.py3-none-any.whl", hash = "sha256:1eb563df6fdbc39eeddc177d953203f99f097e9bf0e2b8f9f3cf18b6ca425e36"},
    {file = "blinker-1.5.tar.gz", hash = "sha256:923e5e2f69c155f2cc42dafbbd70e16e3fde24d2d4aa2ab72fbe386238892462"},
]

[[package]]
name = "click"
version = "8.1.3"
description = "Composable command line interface toolkit"
category = "dev"
optional = false
python-versions = ">=3.7"
files = [
    {file = "click-8.1.3-py3-none-any.whl", hash = "sha256:bb4d8133cb15a609f44e8213d9b391b0809795062913b383c62be0ee95b1db48"},
    {file = "click-8.1.3.tar.gz", hash = "sha256:7682dc8afb30297001674575ea00d1814d808d6a36af415a82bd481d37ba7b8e"},
]

[package.dependencies]
colorama = {version = "*", markers = "platform_system == \"Windows\""}
importlib-metadata = {version = "*", markers = "python_version < \"3.8\""}

[[package]]
name = "colorama"
version = "0.4.6"
description = "Cross-platform colored terminal text."
category = "dev"
optional = false
python-versions = "!=3.0.*,!=3.1.*,!=3.2.*,!=3.3.*,!=3.4.*,!=3.5.*,!=3.6.*,>=2.7"
files = [
    {file = "colorama-0.4.6-py2.py3-none-any.whl", hash = "sha256:4f1d9991f5acc0ca119f9d443620b77f9d6b33703e51011c16baf57afb285fc6"},
    {file = "colorama-0.4.6.tar.gz", hash = "sha256:08695f5cb7ed6e0531a20572697297273c47b8cae5a63ffc6d6ed5c201be6e44"},
]

[[package]]
name = "commonmark"
version = "0.9.1"
description = "Python parser for the CommonMark Markdown spec"
category = "main"
optional = false
python-versions = "*"
files = [
    {file = "commonmark-0.9.1-py2.py3-none-any.whl", hash = "sha256:da2f38c92590f83de410ba1a3cbceafbc74fee9def35f9251ba9a971d6d66fd9"},
    {file = "commonmark-0.9.1.tar.gz", hash = "sha256:452f9dc859be7f06631ddcb328b6919c67984aca654e5fefb3914d54691aed60"},
]

[package.extras]
test = ["flake8 (==3.7.8)", "hypothesis (==3.55.3)"]

[[package]]
name = "doc8"
version = "1.0.0"
description = "Style checker for Sphinx (or other) RST documentation"
category = "dev"
optional = false
python-versions = ">=3.7"
files = [
    {file = "doc8-1.0.0-py3-none-any.whl", hash = "sha256:0c6c3104fa7f7bb2103589c0a8e272c105fdff3ddd1ef4808e51b2782185e9ab"},
    {file = "doc8-1.0.0.tar.gz", hash = "sha256:1e999a14fe415ea96d89d5053c790d01061f19b6737706b817d1579c2a07cc16"},
]

[package.dependencies]
docutils = ">=0.19,<0.21"
Pygments = "*"
restructuredtext-lint = ">=0.7"
stevedore = "*"
tomli = {version = "*", markers = "python_version < \"3.11\""}

[[package]]
name = "docutils"
version = "0.19"
description = "Docutils -- Python Documentation Utilities"
category = "main"
optional = false
python-versions = ">=3.7"
files = [
    {file = "docutils-0.19-py3-none-any.whl", hash = "sha256:5e1de4d849fee02c63b040a4a3fd567f4ab104defd8a5511fbbc24a8a017efbc"},
    {file = "docutils-0.19.tar.gz", hash = "sha256:33995a6753c30b7f577febfc2c50411fec6aac7f7ffeb7c4cfe5991072dcf9e6"},
]

[[package]]
name = "feedgenerator"
version = "2.0.0"
description = "Standalone version of django.utils.feedgenerator"
category = "main"
optional = false
python-versions = ">=3.6"
files = [
    {file = "feedgenerator-2.0.0-py3-none-any.whl", hash = "sha256:fc4a1e557f56b072d4f9a1b062cc98ea3691133bbd966d85707a7d5629b2e32e"},
    {file = "feedgenerator-2.0.0.tar.gz", hash = "sha256:6836d456b8b0edbc5b6d3a42d1be852cebd43d2f28af4ff51789eb295f1860e2"},
]

[package.dependencies]
pytz = ">=0a"

[[package]]
name = "ghp-import"
version = "2.1.0"
description = "Copy your docs directly to the gh-pages branch."
category = "main"
optional = false
python-versions = "*"
files = [
    {file = "ghp-import-2.1.0.tar.gz", hash = "sha256:9c535c4c61193c2df8871222567d7fd7e5014d835f97dc7b7439069e2413d343"},
    {file = "ghp_import-2.1.0-py3-none-any.whl", hash = "sha256:8337dd7b50877f163d4c0289bc1f1c7f127550241988d568c1db512c4324a619"},
]

[package.dependencies]
python-dateutil = ">=2.8.1"

[package.extras]
dev = ["flake8", "markdown", "twine", "wheel"]

[[package]]
name = "gitdb"
version = "4.0.10"
description = "Git Object Database"
category = "main"
optional = false
python-versions = ">=3.7"
files = [
    {file = "gitdb-4.0.10-py3-none-any.whl", hash = "sha256:c286cf298426064079ed96a9e4a9d39e7f3e9bf15ba60701e95f5492f28415c7"},
    {file = "gitdb-4.0.10.tar.gz", hash = "sha256:6eb990b69df4e15bad899ea868dc46572c3f75339735663b81de79b06f17eb9a"},
]

[package.dependencies]
smmap = ">=3.0.1,<6"

[[package]]
name = "gitpython"
version = "3.1.30"
description = "GitPython is a python library used to interact with Git repositories"
category = "main"
optional = false
python-versions = ">=3.7"
files = [
    {file = "GitPython-3.1.30-py3-none-any.whl", hash = "sha256:cd455b0000615c60e286208ba540271af9fe531fa6a87cc590a7298785ab2882"},
    {file = "GitPython-3.1.30.tar.gz", hash = "sha256:769c2d83e13f5d938b7688479da374c4e3d49f71549aaf462b646db9602ea6f8"},
]

[package.dependencies]
gitdb = ">=4.0.1,<5"
typing-extensions = {version = ">=3.7.4.3", markers = "python_version < \"3.8\""}

[[package]]
name = "importlib-metadata"
version = "4.13.0"
description = "Read metadata from Python packages"
category = "dev"
optional = false
python-versions = ">=3.7"
files = [
    {file = "importlib_metadata-4.13.0-py3-none-any.whl", hash = "sha256:8a8a81bcf996e74fee46f0d16bd3eaa382a7eb20fd82445c3ad11f4090334116"},
    {file = "importlib_metadata-4.13.0.tar.gz", hash = "sha256:dd0173e8f150d6815e098fd354f6414b0f079af4644ddfe90c71e2fc6174346d"},
]

[package.dependencies]
typing-extensions = {version = ">=3.6.4", markers = "python_version < \"3.8\""}
zipp = ">=0.5"

[package.extras]
docs = ["furo", "jaraco.packaging (>=9)", "jaraco.tidelift (>=1.4)", "rst.linker (>=1.9)", "sphinx (>=3.5)"]
perf = ["ipython"]
testing = ["flake8 (<5)", "flufl.flake8", "importlib-resources (>=1.3)", "packaging", "pyfakefs", "pytest (>=6)", "pytest-black (>=0.3.7)", "pytest-checkdocs (>=2.4)", "pytest-cov", "pytest-enabler (>=1.3)", "pytest-flake8", "pytest-mypy (>=0.9.1)", "pytest-perf (>=0.9.2)"]

[[package]]
name = "jinja2"
version = "3.1.2"
description = "A very fast and expressive template engine."
category = "main"
optional = false
python-versions = ">=3.7"
files = [
    {file = "Jinja2-3.1.2-py3-none-any.whl", hash = "sha256:6088930bfe239f0e6710546ab9c19c9ef35e29792895fed6e6e31a023a182a61"},
    {file = "Jinja2-3.1.2.tar.gz", hash = "sha256:31351a702a408a9e7595a8fc6150fc3f43bb6bf7e319770cbc0db9df9437e852"},
]

[package.dependencies]
MarkupSafe = ">=2.0"

[package.extras]
i18n = ["Babel (>=2.7)"]

[[package]]
name = "markupsafe"
version = "2.1.2"
description = "Safely add untrusted strings to HTML/XML markup."
category = "main"
optional = false
python-versions = ">=3.7"
files = [
    {file = "MarkupSafe-2.1.2-cp310-cp310-macosx_10_9_universal2.whl", hash = "sha256:665a36ae6f8f20a4676b53224e33d456a6f5a72657d9c83c2aa00765072f31f7"},
    {file = "MarkupSafe-2.1.2-cp310-cp310-macosx_10_9_x86_64.whl", hash = "sha256:340bea174e9761308703ae988e982005aedf427de816d1afe98147668cc03036"},
    {file = "MarkupSafe-2.1.2-cp310-cp310-manylinux_2_17_aarch64.manylinux2014_aarch64.whl", hash = "sha256:22152d00bf4a9c7c83960521fc558f55a1adbc0631fbb00a9471e097b19d72e1"},
    {file = "MarkupSafe-2.1.2-cp310-cp310-manylinux_2_17_x86_64.manylinux2014_x86_64.whl", hash = "sha256:28057e985dace2f478e042eaa15606c7efccb700797660629da387eb289b9323"},
    {file = "MarkupSafe-2.1.2-cp310-cp310-manylinux_2_5_i686.manylinux1_i686.manylinux_2_17_i686.manylinux2014_i686.whl", hash = "sha256:ca244fa73f50a800cf8c3ebf7fd93149ec37f5cb9596aa8873ae2c1d23498601"},
    {file = "MarkupSafe-2.1.2-cp310-cp310-musllinux_1_1_aarch64.whl", hash = "sha256:d9d971ec1e79906046aa3ca266de79eac42f1dbf3612a05dc9368125952bd1a1"},
    {file = "MarkupSafe-2.1.2-cp310-cp310-musllinux_1_1_i686.whl", hash = "sha256:7e007132af78ea9df29495dbf7b5824cb71648d7133cf7848a2a5dd00d36f9ff"},
    {file = "MarkupSafe-2.1.2-cp310-cp310-musllinux_1_1_x86_64.whl", hash = "sha256:7313ce6a199651c4ed9d7e4cfb4aa56fe923b1adf9af3b420ee14e6d9a73df65"},
    {file = "MarkupSafe-2.1.2-cp310-cp310-win32.whl", hash = "sha256:c4a549890a45f57f1ebf99c067a4ad0cb423a05544accaf2b065246827ed9603"},
    {file = "MarkupSafe-2.1.2-cp310-cp310-win_amd64.whl", hash = "sha256:835fb5e38fd89328e9c81067fd642b3593c33e1e17e2fdbf77f5676abb14a156"},
    {file = "MarkupSafe-2.1.2-cp311-cp311-macosx_10_9_universal2.whl", hash = "sha256:2ec4f2d48ae59bbb9d1f9d7efb9236ab81429a764dedca114f5fdabbc3788013"},
    {file = "MarkupSafe-2.1.2-cp311-cp311-macosx_10_9_x86_64.whl", hash = "sha256:608e7073dfa9e38a85d38474c082d4281f4ce276ac0010224eaba11e929dd53a"},
    {file = "MarkupSafe-2.1.2-cp311-cp311-manylinux_2_17_aarch64.manylinux2014_aarch64.whl", hash = "sha256:65608c35bfb8a76763f37036547f7adfd09270fbdbf96608be2bead319728fcd"},
    {file = "MarkupSafe-2.1.2-cp311-cp311-manylinux_2_17_x86_64.manylinux2014_x86_64.whl", hash = "sha256:f2bfb563d0211ce16b63c7cb9395d2c682a23187f54c3d79bfec33e6705473c6"},
    {file = "MarkupSafe-2.1.2-cp311-cp311-manylinux_2_5_i686.manylinux1_i686.manylinux_2_17_i686.manylinux2014_i686.whl", hash = "sha256:da25303d91526aac3672ee6d49a2f3db2d9502a4a60b55519feb1a4c7714e07d"},
    {file = "MarkupSafe-2.1.2-cp311-cp311-musllinux_1_1_aarch64.whl", hash = "sha256:9cad97ab29dfc3f0249b483412c85c8ef4766d96cdf9dcf5a1e3caa3f3661cf1"},
    {file = "MarkupSafe-2.1.2-cp311-cp311-musllinux_1_1_i686.whl", hash = "sha256:085fd3201e7b12809f9e6e9bc1e5c96a368c8523fad5afb02afe3c051ae4afcc"},
    {file = "MarkupSafe-2.1.2-cp311-cp311-musllinux_1_1_x86_64.whl", hash = "sha256:1bea30e9bf331f3fef67e0a3877b2288593c98a21ccb2cf29b74c581a4eb3af0"},
    {file = "MarkupSafe-2.1.2-cp311-cp311-win32.whl", hash = "sha256:7df70907e00c970c60b9ef2938d894a9381f38e6b9db73c5be35e59d92e06625"},
    {file = "MarkupSafe-2.1.2-cp311-cp311-win_amd64.whl", hash = "sha256:e55e40ff0cc8cc5c07996915ad367fa47da6b3fc091fdadca7f5403239c5fec3"},
    {file = "MarkupSafe-2.1.2-cp37-cp37m-macosx_10_9_x86_64.whl", hash = "sha256:a6e40afa7f45939ca356f348c8e23048e02cb109ced1eb8420961b2f40fb373a"},
    {file = "MarkupSafe-2.1.2-cp37-cp37m-manylinux_2_17_aarch64.manylinux2014_aarch64.whl", hash = "sha256:cf877ab4ed6e302ec1d04952ca358b381a882fbd9d1b07cccbfd61783561f98a"},
    {file = "MarkupSafe-2.1.2-cp37-cp37m-manylinux_2_17_x86_64.manylinux2014_x86_64.whl", hash = "sha256:63ba06c9941e46fa389d389644e2d8225e0e3e5ebcc4ff1ea8506dce646f8c8a"},
    {file = "MarkupSafe-2.1.2-cp37-cp37m-manylinux_2_5_i686.manylinux1_i686.manylinux_2_17_i686.manylinux2014_i686.whl", hash = "sha256:f1cd098434e83e656abf198f103a8207a8187c0fc110306691a2e94a78d0abb2"},
    {file = "MarkupSafe-2.1.2-cp37-cp37m-musllinux_1_1_aarch64.whl", hash = "sha256:55f44b440d491028addb3b88f72207d71eeebfb7b5dbf0643f7c023ae1fba619"},
    {file = "MarkupSafe-2.1.2-cp37-cp37m-musllinux_1_1_i686.whl", hash = "sha256:a6f2fcca746e8d5910e18782f976489939d54a91f9411c32051b4aab2bd7c513"},
    {file = "MarkupSafe-2.1.2-cp37-cp37m-musllinux_1_1_x86_64.whl", hash = "sha256:0b462104ba25f1ac006fdab8b6a01ebbfbce9ed37fd37fd4acd70c67c973e460"},
    {file = "MarkupSafe-2.1.2-cp37-cp37m-win32.whl", hash = "sha256:7668b52e102d0ed87cb082380a7e2e1e78737ddecdde129acadb0eccc5423859"},
    {file = "MarkupSafe-2.1.2-cp37-cp37m-win_amd64.whl", hash = "sha256:6d6607f98fcf17e534162f0709aaad3ab7a96032723d8ac8750ffe17ae5a0666"},
    {file = "MarkupSafe-2.1.2-cp38-cp38-macosx_10_9_universal2.whl", hash = "sha256:a806db027852538d2ad7555b203300173dd1b77ba116de92da9afbc3a3be3eed"},
    {file = "MarkupSafe-2.1.2-cp38-cp38-macosx_10_9_x86_64.whl", hash = "sha256:a4abaec6ca3ad8660690236d11bfe28dfd707778e2442b45addd2f086d6ef094"},
    {file = "MarkupSafe-2.1.2-cp38-cp38-manylinux_2_17_aarch64.manylinux2014_aarch64.whl", hash = "sha256:f03a532d7dee1bed20bc4884194a16160a2de9ffc6354b3878ec9682bb623c54"},
    {file = "MarkupSafe-2.1.2-cp38-cp38-manylinux_2_17_x86_64.manylinux2014_x86_64.whl", hash = "sha256:4cf06cdc1dda95223e9d2d3c58d3b178aa5dacb35ee7e3bbac10e4e1faacb419"},
    {file = "MarkupSafe-2.1.2-cp38-cp38-manylinux_2_5_i686.manylinux1_i686.manylinux_2_17_i686.manylinux2014_i686.whl", hash = "sha256:22731d79ed2eb25059ae3df1dfc9cb1546691cc41f4e3130fe6bfbc3ecbbecfa"},
    {file = "MarkupSafe-2.1.2-cp38-cp38-musllinux_1_1_aarch64.whl", hash = "sha256:f8ffb705ffcf5ddd0e80b65ddf7bed7ee4f5a441ea7d3419e861a12eaf41af58"},
    {file = "MarkupSafe-2.1.2-cp38-cp38-musllinux_1_1_i686.whl", hash = "sha256:8db032bf0ce9022a8e41a22598eefc802314e81b879ae093f36ce9ddf39ab1ba"},
    {file = "MarkupSafe-2.1.2-cp38-cp38-musllinux_1_1_x86_64.whl", hash = "sha256:2298c859cfc5463f1b64bd55cb3e602528db6fa0f3cfd568d3605c50678f8f03"},
    {file = "MarkupSafe-2.1.2-cp38-cp38-win32.whl", hash = "sha256:50c42830a633fa0cf9e7d27664637532791bfc31c731a87b202d2d8ac40c3ea2"},
    {file = "MarkupSafe-2.1.2-cp38-cp38-win_amd64.whl", hash = "sha256:bb06feb762bade6bf3c8b844462274db0c76acc95c52abe8dbed28ae3d44a147"},
    {file = "MarkupSafe-2.1.2-cp39-cp39-macosx_10_9_universal2.whl", hash = "sha256:99625a92da8229df6d44335e6fcc558a5037dd0a760e11d84be2260e6f37002f"},
    {file = "MarkupSafe-2.1.2-cp39-cp39-macosx_10_9_x86_64.whl", hash = "sha256:8bca7e26c1dd751236cfb0c6c72d4ad61d986e9a41bbf76cb445f69488b2a2bd"},
    {file = "MarkupSafe-2.1.2-cp39-cp39-manylinux_2_17_aarch64.manylinux2014_aarch64.whl", hash = "sha256:40627dcf047dadb22cd25ea7ecfe9cbf3bbbad0482ee5920b582f3809c97654f"},
    {file = "MarkupSafe-2.1.2-cp39-cp39-manylinux_2_17_x86_64.manylinux2014_x86_64.whl", hash = "sha256:40dfd3fefbef579ee058f139733ac336312663c6706d1163b82b3003fb1925c4"},
    {file = "MarkupSafe-2.1.2-cp39-cp39-manylinux_2_5_i686.manylinux1_i686.manylinux_2_17_i686.manylinux2014_i686.whl", hash = "sha256:090376d812fb6ac5f171e5938e82e7f2d7adc2b629101cec0db8b267815c85e2"},
    {file = "MarkupSafe-2.1.2-cp39-cp39-musllinux_1_1_aarch64.whl", hash = "sha256:2e7821bffe00aa6bd07a23913b7f4e01328c3d5cc0b40b36c0bd81d362faeb65"},
    {file = "MarkupSafe-2.1.2-cp39-cp39-musllinux_1_1_i686.whl", hash = "sha256:c0a33bc9f02c2b17c3ea382f91b4db0e6cde90b63b296422a939886a7a80de1c"},
    {file = "MarkupSafe-2.1.2-cp39-cp39-musllinux_1_1_x86_64.whl", hash = "sha256:b8526c6d437855442cdd3d87eede9c425c4445ea011ca38d937db299382e6fa3"},
    {file = "MarkupSafe-2.1.2-cp39-cp39-win32.whl", hash = "sha256:137678c63c977754abe9086a3ec011e8fd985ab90631145dfb9294ad09c102a7"},
    {file = "MarkupSafe-2.1.2-cp39-cp39-win_amd64.whl", hash = "sha256:0576fe974b40a400449768941d5d0858cc624e3249dfd1e0c33674e5c7ca7aed"},
    {file = "MarkupSafe-2.1.2.tar.gz", hash = "sha256:abcabc8c2b26036d62d4c746381a6f7cf60aafcc653198ad678306986b09450d"},
]

[[package]]
name = "pbr"
version = "5.11.1"
description = "Python Build Reasonableness"
category = "dev"
optional = false
python-versions = ">=2.6"
files = [
    {file = "pbr-5.11.1-py2.py3-none-any.whl", hash = "sha256:567f09558bae2b3ab53cb3c1e2e33e726ff3338e7bae3db5dc954b3a44eef12b"},
    {file = "pbr-5.11.1.tar.gz", hash = "sha256:aefc51675b0b533d56bb5fd1c8c6c0522fe31896679882e1c4c63d5e4a0fccb3"},
]

[[package]]
name = "pelican"
version = "4.8.0"
description = "Static site generator supporting Markdown and reStructuredText"
category = "main"
optional = false
python-versions = ">=3.6,<4.0"
files = [
    {file = "pelican-4.8.0-py3-none-any.whl", hash = "sha256:c80a81930f57f9b1a11c9ab5894ce1465dcda2028c9e4e3993cf9cbf2061a57d"},
    {file = "pelican-4.8.0.tar.gz", hash = "sha256:6445c00cff2142a30592a2de046e5647b84a36c5a0cfafc0eba75abbabb2b4b1"},
]

[package.dependencies]
blinker = ">=1.4"
docutils = ">=0.16"
feedgenerator = ">=1.9"
jinja2 = ">=2.7"
pygments = ">=2.6"
python-dateutil = ">=2.8"
pytz = ">=2020.1"
rich = ">=10.1"
unidecode = ">=1.1"

[package.extras]
markdown = ["markdown (>=3.1)"]

[[package]]
name = "pelican-search"
version = "1.0.1"
description = "Pelican plugin that indexes content and enables static site searches"
category = "main"
optional = false
python-versions = ">=3.7,<4.0"
files = [
    {file = "pelican-search-1.0.1.tar.gz", hash = "sha256:468732bbb64fe3ee3d3501c4dd3a43e88c3b9846b9f2a31d580ba4b69f5bac3a"},
    {file = "pelican_search-1.0.1-py3-none-any.whl", hash = "sha256:9d09b4a67b27beda2e60fd03981cc72315a757b8297d1afa77c5ecb745e71836"},
]

[package.dependencies]
pelican = ">=4.5"

[package.extras]
markdown = ["markdown (>=3.2)"]

[[package]]
name = "pillow"
version = "9.4.0"
description = "Python Imaging Library (Fork)"
category = "main"
optional = false
python-versions = ">=3.7"
files = [
    {file = "Pillow-9.4.0-1-cp310-cp310-macosx_10_10_x86_64.whl", hash = "sha256:1b4b4e9dda4f4e4c4e6896f93e84a8f0bcca3b059de9ddf67dac3c334b1195e1"},
    {file = "Pillow-9.4.0-1-cp311-cp311-macosx_10_10_x86_64.whl", hash = "sha256:fb5c1ad6bad98c57482236a21bf985ab0ef42bd51f7ad4e4538e89a997624e12"},
    {file = "Pillow-9.4.0-1-cp37-cp37m-macosx_10_10_x86_64.whl", hash = "sha256:f0caf4a5dcf610d96c3bd32932bfac8aee61c96e60481c2a0ea58da435e25acd"},
    {file = "Pillow-9.4.0-1-cp38-cp38-macosx_10_10_x86_64.whl", hash = "sha256:3f4cc516e0b264c8d4ccd6b6cbc69a07c6d582d8337df79be1e15a5056b258c9"},
    {file = "Pillow-9.4.0-1-cp39-cp39-macosx_10_10_x86_64.whl", hash = "sha256:b8c2f6eb0df979ee99433d8b3f6d193d9590f735cf12274c108bd954e30ca858"},
    {file = "Pillow-9.4.0-1-pp38-pypy38_pp73-macosx_10_10_x86_64.whl", hash = "sha256:b70756ec9417c34e097f987b4d8c510975216ad26ba6e57ccb53bc758f490dab"},
    {file = "Pillow-9.4.0-1-pp39-pypy39_pp73-macosx_10_10_x86_64.whl", hash = "sha256:43521ce2c4b865d385e78579a082b6ad1166ebed2b1a2293c3be1d68dd7ca3b9"},
    {file = "Pillow-9.4.0-2-cp310-cp310-macosx_10_10_x86_64.whl", hash = "sha256:9d9a62576b68cd90f7075876f4e8444487db5eeea0e4df3ba298ee38a8d067b0"},
    {file = "Pillow-9.4.0-2-cp311-cp311-macosx_10_10_x86_64.whl", hash = "sha256:87708d78a14d56a990fbf4f9cb350b7d89ee8988705e58e39bdf4d82c149210f"},
    {file = "Pillow-9.4.0-2-cp37-cp37m-macosx_10_10_x86_64.whl", hash = "sha256:8a2b5874d17e72dfb80d917213abd55d7e1ed2479f38f001f264f7ce7bae757c"},
    {file = "Pillow-9.4.0-2-cp38-cp38-macosx_10_10_x86_64.whl", hash = "sha256:83125753a60cfc8c412de5896d10a0a405e0bd88d0470ad82e0869ddf0cb3848"},
    {file = "Pillow-9.4.0-2-cp39-cp39-macosx_10_10_x86_64.whl", hash = "sha256:9e5f94742033898bfe84c93c831a6f552bb629448d4072dd312306bab3bd96f1"},
    {file = "Pillow-9.4.0-2-pp38-pypy38_pp73-macosx_10_10_x86_64.whl", hash = "sha256:013016af6b3a12a2f40b704677f8b51f72cb007dac785a9933d5c86a72a7fe33"},
    {file = "Pillow-9.4.0-2-pp39-pypy39_pp73-macosx_10_10_x86_64.whl", hash = "sha256:99d92d148dd03fd19d16175b6d355cc1b01faf80dae93c6c3eb4163709edc0a9"},
    {file = "Pillow-9.4.0-cp310-cp310-macosx_10_10_x86_64.whl", hash = "sha256:2968c58feca624bb6c8502f9564dd187d0e1389964898f5e9e1fbc8533169157"},
    {file = "Pillow-9.4.0-cp310-cp310-macosx_11_0_arm64.whl", hash = "sha256:c5c1362c14aee73f50143d74389b2c158707b4abce2cb055b7ad37ce60738d47"},
    {file = "Pillow-9.4.0-cp310-cp310-manylinux_2_17_aarch64.manylinux2014_aarch64.whl", hash = "sha256:bd752c5ff1b4a870b7661234694f24b1d2b9076b8bf337321a814c612665f343"},
    {file = "Pillow-9.4.0-cp310-cp310-manylinux_2_17_i686.manylinux2014_i686.whl", hash = "sha256:9a3049a10261d7f2b6514d35bbb7a4dfc3ece4c4de14ef5876c4b7a23a0e566d"},
    {file = "Pillow-9.4.0-cp310-cp310-manylinux_2_17_x86_64.manylinux2014_x86_64.whl", hash = "sha256:16a8df99701f9095bea8a6c4b3197da105df6f74e6176c5b410bc2df2fd29a57"},
    {file = "Pillow-9.4.0-cp310-cp310-manylinux_2_28_aarch64.whl", hash = "sha256:94cdff45173b1919350601f82d61365e792895e3c3a3443cf99819e6fbf717a5"},
    {file = "Pillow-9.4.0-cp310-cp310-manylinux_2_28_x86_64.whl", hash = "sha256:ed3e4b4e1e6de75fdc16d3259098de7c6571b1a6cc863b1a49e7d3d53e036070"},
    {file = "Pillow-9.4.0-cp310-cp310-musllinux_1_1_aarch64.whl", hash = "sha256:d5b2f8a31bd43e0f18172d8ac82347c8f37ef3e0b414431157718aa234991b28"},
    {file = "Pillow-9.4.0-cp310-cp310-musllinux_1_1_x86_64.whl", hash = "sha256:09b89ddc95c248ee788328528e6a2996e09eaccddeeb82a5356e92645733be35"},
    {file = "Pillow-9.4.0-cp310-cp310-win32.whl", hash = "sha256:f09598b416ba39a8f489c124447b007fe865f786a89dbfa48bb5cf395693132a"},
    {file = "Pillow-9.4.0-cp310-cp310-win_amd64.whl", hash = "sha256:f6e78171be3fb7941f9910ea15b4b14ec27725865a73c15277bc39f5ca4f8391"},
    {file = "Pillow-9.4.0-cp311-cp311-macosx_10_10_x86_64.whl", hash = "sha256:3fa1284762aacca6dc97474ee9c16f83990b8eeb6697f2ba17140d54b453e133"},
    {file = "Pillow-9.4.0-cp311-cp311-macosx_11_0_arm64.whl", hash = "sha256:eaef5d2de3c7e9b21f1e762f289d17b726c2239a42b11e25446abf82b26ac132"},
    {file = "Pillow-9.4.0-cp311-cp311-manylinux_2_17_aarch64.manylinux2014_aarch64.whl", hash = "sha256:a4dfdae195335abb4e89cc9762b2edc524f3c6e80d647a9a81bf81e17e3fb6f0"},
    {file = "Pillow-9.4.0-cp311-cp311-manylinux_2_17_i686.manylinux2014_i686.whl", hash = "sha256:6abfb51a82e919e3933eb137e17c4ae9c0475a25508ea88993bb59faf82f3b35"},
    {file = "Pillow-9.4.0-cp311-cp311-manylinux_2_17_x86_64.manylinux2014_x86_64.whl", hash = "sha256:451f10ef963918e65b8869e17d67db5e2f4ab40e716ee6ce7129b0cde2876eab"},
    {file = "Pillow-9.4.0-cp311-cp311-manylinux_2_28_aarch64.whl", hash = "sha256:6663977496d616b618b6cfa43ec86e479ee62b942e1da76a2c3daa1c75933ef4"},
    {file = "Pillow-9.4.0-cp311-cp311-manylinux_2_28_x86_64.whl", hash = "sha256:60e7da3a3ad1812c128750fc1bc14a7ceeb8d29f77e0a2356a8fb2aa8925287d"},
    {file = "Pillow-9.4.0-cp311-cp311-musllinux_1_1_aarch64.whl", hash = "sha256:19005a8e58b7c1796bc0167862b1f54a64d3b44ee5d48152b06bb861458bc0f8"},
    {file = "Pillow-9.4.0-cp311-cp311-musllinux_1_1_x86_64.whl", hash = "sha256:f715c32e774a60a337b2bb8ad9839b4abf75b267a0f18806f6f4f5f1688c4b5a"},
    {file = "Pillow-9.4.0-cp311-cp311-win32.whl", hash = "sha256:b222090c455d6d1a64e6b7bb5f4035c4dff479e22455c9eaa1bdd4c75b52c80c"},
    {file = "Pillow-9.4.0-cp311-cp311-win_amd64.whl", hash = "sha256:ba6612b6548220ff5e9df85261bddc811a057b0b465a1226b39bfb8550616aee"},
    {file = "Pillow-9.4.0-cp37-cp37m-macosx_10_10_x86_64.whl", hash = "sha256:5f532a2ad4d174eb73494e7397988e22bf427f91acc8e6ebf5bb10597b49c493"},
    {file = "Pillow-9.4.0-cp37-cp37m-manylinux_2_17_aarch64.manylinux2014_aarch64.whl", hash = "sha256:5dd5a9c3091a0f414a963d427f920368e2b6a4c2f7527fdd82cde8ef0bc7a327"},
    {file = "Pillow-9.4.0-cp37-cp37m-manylinux_2_17_i686.manylinux2014_i686.whl", hash = "sha256:ef21af928e807f10bf4141cad4746eee692a0dd3ff56cfb25fce076ec3cc8abe"},
    {file = "Pillow-9.4.0-cp37-cp37m-manylinux_2_17_x86_64.manylinux2014_x86_64.whl", hash = "sha256:847b114580c5cc9ebaf216dd8c8dbc6b00a3b7ab0131e173d7120e6deade1f57"},
    {file = "Pillow-9.4.0-cp37-cp37m-manylinux_2_28_aarch64.whl", hash = "sha256:653d7fb2df65efefbcbf81ef5fe5e5be931f1ee4332c2893ca638c9b11a409c4"},
    {file = "Pillow-9.4.0-cp37-cp37m-manylinux_2_28_x86_64.whl", hash = "sha256:46f39cab8bbf4a384ba7cb0bc8bae7b7062b6a11cfac1ca4bc144dea90d4a9f5"},
    {file = "Pillow-9.4.0-cp37-cp37m-win32.whl", hash = "sha256:7ac7594397698f77bce84382929747130765f66406dc2cd8b4ab4da68ade4c6e"},
    {file = "Pillow-9.4.0-cp37-cp37m-win_amd64.whl", hash = "sha256:46c259e87199041583658457372a183636ae8cd56dbf3f0755e0f376a7f9d0e6"},
    {file = "Pillow-9.4.0-cp38-cp38-macosx_10_10_x86_64.whl", hash = "sha256:0e51f608da093e5d9038c592b5b575cadc12fd748af1479b5e858045fff955a9"},
    {file = "Pillow-9.4.0-cp38-cp38-macosx_11_0_arm64.whl", hash = "sha256:765cb54c0b8724a7c12c55146ae4647e0274a839fb6de7bcba841e04298e1011"},
    {file = "Pillow-9.4.0-cp38-cp38-manylinux_2_17_aarch64.manylinux2014_aarch64.whl", hash = "sha256:519e14e2c49fcf7616d6d2cfc5c70adae95682ae20f0395e9280db85e8d6c4df"},
    {file = "Pillow-9.4.0-cp38-cp38-manylinux_2_17_i686.manylinux2014_i686.whl", hash = "sha256:d197df5489004db87d90b918033edbeee0bd6df3848a204bca3ff0a903bef837"},
    {file = "Pillow-9.4.0-cp38-cp38-manylinux_2_17_x86_64.manylinux2014_x86_64.whl", hash = "sha256:0845adc64fe9886db00f5ab68c4a8cd933ab749a87747555cec1c95acea64b0b"},
    {file = "Pillow-9.4.0-cp38-cp38-manylinux_2_28_aarch64.whl", hash = "sha256:e1339790c083c5a4de48f688b4841f18df839eb3c9584a770cbd818b33e26d5d"},
    {file = "Pillow-9.4.0-cp38-cp38-manylinux_2_28_x86_64.whl", hash = "sha256:a96e6e23f2b79433390273eaf8cc94fec9c6370842e577ab10dabdcc7ea0a66b"},
    {file = "Pillow-9.4.0-cp38-cp38-musllinux_1_1_aarch64.whl", hash = "sha256:7cfc287da09f9d2a7ec146ee4d72d6ea1342e770d975e49a8621bf54eaa8f30f"},
    {file = "Pillow-9.4.0-cp38-cp38-musllinux_1_1_x86_64.whl", hash = "sha256:d7081c084ceb58278dd3cf81f836bc818978c0ccc770cbbb202125ddabec6628"},
    {file = "Pillow-9.4.0-cp38-cp38-win32.whl", hash = "sha256:df41112ccce5d47770a0c13651479fbcd8793f34232a2dd9faeccb75eb5d0d0d"},
    {file = "Pillow-9.4.0-cp38-cp38-win_amd64.whl", hash = "sha256:7a21222644ab69ddd9967cfe6f2bb420b460dae4289c9d40ff9a4896e7c35c9a"},
    {file = "Pillow-9.4.0-cp39-cp39-macosx_10_10_x86_64.whl", hash = "sha256:0f3269304c1a7ce82f1759c12ce731ef9b6e95b6df829dccd9fe42912cc48569"},
    {file = "Pillow-9.4.0-cp39-cp39-macosx_11_0_arm64.whl", hash = "sha256:cb362e3b0976dc994857391b776ddaa8c13c28a16f80ac6522c23d5257156bed"},
    {file = "Pillow-9.4.0-cp39-cp39-manylinux_2_17_aarch64.manylinux2014_aarch64.whl", hash = "sha256:a2e0f87144fcbbe54297cae708c5e7f9da21a4646523456b00cc956bd4c65815"},
    {file = "Pillow-9.4.0-cp39-cp39-manylinux_2_17_i686.manylinux2014_i686.whl", hash = "sha256:28676836c7796805914b76b1837a40f76827ee0d5398f72f7dcc634bae7c6264"},
    {file = "Pillow-9.4.0-cp39-cp39-manylinux_2_17_x86_64.manylinux2014_x86_64.whl", hash = "sha256:0884ba7b515163a1a05440a138adeb722b8a6ae2c2b33aea93ea3118dd3a899e"},
    {file = "Pillow-9.4.0-cp39-cp39-manylinux_2_28_aarch64.whl", hash = "sha256:53dcb50fbdc3fb2c55431a9b30caeb2f7027fcd2aeb501459464f0214200a503"},
    {file = "Pillow-9.4.0-cp39-cp39-manylinux_2_28_x86_64.whl", hash = "sha256:e8c5cf126889a4de385c02a2c3d3aba4b00f70234bfddae82a5eaa3ee6d5e3e6"},
    {file = "Pillow-9.4.0-cp39-cp39-musllinux_1_1_aarch64.whl", hash = "sha256:6c6b1389ed66cdd174d040105123a5a1bc91d0aa7059c7261d20e583b6d8cbd2"},
    {file = "Pillow-9.4.0-cp39-cp39-musllinux_1_1_x86_64.whl", hash = "sha256:0dd4c681b82214b36273c18ca7ee87065a50e013112eea7d78c7a1b89a739153"},
    {file = "Pillow-9.4.0-cp39-cp39-win32.whl", hash = "sha256:6d9dfb9959a3b0039ee06c1a1a90dc23bac3b430842dcb97908ddde05870601c"},
    {file = "Pillow-9.4.0-cp39-cp39-win_amd64.whl", hash = "sha256:54614444887e0d3043557d9dbc697dbb16cfb5a35d672b7a0fcc1ed0cf1c600b"},
    {file = "Pillow-9.4.0-pp38-pypy38_pp73-macosx_10_10_x86_64.whl", hash = "sha256:b9b752ab91e78234941e44abdecc07f1f0d8f51fb62941d32995b8161f68cfe5"},
    {file = "Pillow-9.4.0-pp38-pypy38_pp73-manylinux_2_17_i686.manylinux2014_i686.whl", hash = "sha256:d3b56206244dc8711f7e8b7d6cad4663917cd5b2d950799425076681e8766286"},
    {file = "Pillow-9.4.0-pp38-pypy38_pp73-manylinux_2_17_x86_64.manylinux2014_x86_64.whl", hash = "sha256:aabdab8ec1e7ca7f1434d042bf8b1e92056245fb179790dc97ed040361f16bfd"},
    {file = "Pillow-9.4.0-pp38-pypy38_pp73-manylinux_2_28_x86_64.whl", hash = "sha256:db74f5562c09953b2c5f8ec4b7dfd3f5421f31811e97d1dbc0a7c93d6e3a24df"},
    {file = "Pillow-9.4.0-pp38-pypy38_pp73-win_amd64.whl", hash = "sha256:e9d7747847c53a16a729b6ee5e737cf170f7a16611c143d95aa60a109a59c336"},
    {file = "Pillow-9.4.0-pp39-pypy39_pp73-macosx_10_10_x86_64.whl", hash = "sha256:b52ff4f4e002f828ea6483faf4c4e8deea8d743cf801b74910243c58acc6eda3"},
    {file = "Pillow-9.4.0-pp39-pypy39_pp73-manylinux_2_17_i686.manylinux2014_i686.whl", hash = "sha256:575d8912dca808edd9acd6f7795199332696d3469665ef26163cd090fa1f8bfa"},
    {file = "Pillow-9.4.0-pp39-pypy39_pp73-manylinux_2_17_x86_64.manylinux2014_x86_64.whl", hash = "sha256:c3c4ed2ff6760e98d262e0cc9c9a7f7b8a9f61aa4d47c58835cdaf7b0b8811bb"},
    {file = "Pillow-9.4.0-pp39-pypy39_pp73-manylinux_2_28_x86_64.whl", hash = "sha256:e621b0246192d3b9cb1dc62c78cfa4c6f6d2ddc0ec207d43c0dedecb914f152a"},
    {file = "Pillow-9.4.0-pp39-pypy39_pp73-win_amd64.whl", hash = "sha256:8f127e7b028900421cad64f51f75c051b628db17fb00e099eb148761eed598c9"},
    {file = "Pillow-9.4.0.tar.gz", hash = "sha256:a1c2d7780448eb93fbcc3789bf3916aa5720d942e37945f4056680317f1cd23e"},
]

[package.extras]
docs = ["furo", "olefile", "sphinx (>=2.4)", "sphinx-copybutton", "sphinx-inline-tabs", "sphinx-issues (>=3.0.1)", "sphinx-removed-in", "sphinxext-opengraph"]
tests = ["check-manifest", "coverage", "defusedxml", "markdown2", "olefile", "packaging", "pyroma", "pytest", "pytest-cov", "pytest-timeout"]

[[package]]
name = "pydantic"
version = "1.10.4"
description = "Data validation and settings management using python type hints"
category = "dev"
optional = false
python-versions = ">=3.7"
files = [
    {file = "pydantic-1.10.4-cp310-cp310-macosx_10_9_x86_64.whl", hash = "sha256:b5635de53e6686fe7a44b5cf25fcc419a0d5e5c1a1efe73d49d48fe7586db854"},
    {file = "pydantic-1.10.4-cp310-cp310-macosx_11_0_arm64.whl", hash = "sha256:6dc1cc241440ed7ca9ab59d9929075445da6b7c94ced281b3dd4cfe6c8cff817"},
    {file = "pydantic-1.10.4-cp310-cp310-manylinux_2_17_x86_64.manylinux2014_x86_64.whl", hash = "sha256:51bdeb10d2db0f288e71d49c9cefa609bca271720ecd0c58009bd7504a0c464c"},
    {file = "pydantic-1.10.4-cp310-cp310-manylinux_2_5_i686.manylinux1_i686.manylinux_2_17_i686.manylinux2014_i686.whl", hash = "sha256:78cec42b95dbb500a1f7120bdf95c401f6abb616bbe8785ef09887306792e66e"},
    {file = "pydantic-1.10.4-cp310-cp310-musllinux_1_1_i686.whl", hash = "sha256:8775d4ef5e7299a2f4699501077a0defdaac5b6c4321173bcb0f3c496fbadf85"},
    {file = "pydantic-1.10.4-cp310-cp310-musllinux_1_1_x86_64.whl", hash = "sha256:572066051eeac73d23f95ba9a71349c42a3e05999d0ee1572b7860235b850cc6"},
    {file = "pydantic-1.10.4-cp310-cp310-win_amd64.whl", hash = "sha256:7feb6a2d401f4d6863050f58325b8d99c1e56f4512d98b11ac64ad1751dc647d"},
    {file = "pydantic-1.10.4-cp311-cp311-macosx_10_9_x86_64.whl", hash = "sha256:39f4a73e5342b25c2959529f07f026ef58147249f9b7431e1ba8414a36761f53"},
    {file = "pydantic-1.10.4-cp311-cp311-macosx_11_0_arm64.whl", hash = "sha256:983e720704431a6573d626b00662eb78a07148c9115129f9b4351091ec95ecc3"},
    {file = "pydantic-1.10.4-cp311-cp311-manylinux_2_17_x86_64.manylinux2014_x86_64.whl", hash = "sha256:75d52162fe6b2b55964fbb0af2ee58e99791a3138588c482572bb6087953113a"},
    {file = "pydantic-1.10.4-cp311-cp311-manylinux_2_5_i686.manylinux1_i686.manylinux_2_17_i686.manylinux2014_i686.whl", hash = "sha256:fdf8d759ef326962b4678d89e275ffc55b7ce59d917d9f72233762061fd04a2d"},
    {file = "pydantic-1.10.4-cp311-cp311-musllinux_1_1_i686.whl", hash = "sha256:05a81b006be15655b2a1bae5faa4280cf7c81d0e09fcb49b342ebf826abe5a72"},
    {file = "pydantic-1.10.4-cp311-cp311-musllinux_1_1_x86_64.whl", hash = "sha256:d88c4c0e5c5dfd05092a4b271282ef0588e5f4aaf345778056fc5259ba098857"},
    {file = "pydantic-1.10.4-cp311-cp311-win_amd64.whl", hash = "sha256:6a05a9db1ef5be0fe63e988f9617ca2551013f55000289c671f71ec16f4985e3"},
    {file = "pydantic-1.10.4-cp37-cp37m-macosx_10_9_x86_64.whl", hash = "sha256:887ca463c3bc47103c123bc06919c86720e80e1214aab79e9b779cda0ff92a00"},
    {file = "pydantic-1.10.4-cp37-cp37m-manylinux_2_17_x86_64.manylinux2014_x86_64.whl", hash = "sha256:fdf88ab63c3ee282c76d652fc86518aacb737ff35796023fae56a65ced1a5978"},
    {file = "pydantic-1.10.4-cp37-cp37m-manylinux_2_5_i686.manylinux1_i686.manylinux_2_17_i686.manylinux2014_i686.whl", hash = "sha256:a48f1953c4a1d9bd0b5167ac50da9a79f6072c63c4cef4cf2a3736994903583e"},
    {file = "pydantic-1.10.4-cp37-cp37m-musllinux_1_1_i686.whl", hash = "sha256:a9f2de23bec87ff306aef658384b02aa7c32389766af3c5dee9ce33e80222dfa"},
    {file = "pydantic-1.10.4-cp37-cp37m-musllinux_1_1_x86_64.whl", hash = "sha256:cd8702c5142afda03dc2b1ee6bc358b62b3735b2cce53fc77b31ca9f728e4bc8"},
    {file = "pydantic-1.10.4-cp37-cp37m-win_amd64.whl", hash = "sha256:6e7124d6855b2780611d9f5e1e145e86667eaa3bd9459192c8dc1a097f5e9903"},
    {file = "pydantic-1.10.4-cp38-cp38-macosx_10_9_x86_64.whl", hash = "sha256:0b53e1d41e97063d51a02821b80538053ee4608b9a181c1005441f1673c55423"},
    {file = "pydantic-1.10.4-cp38-cp38-macosx_11_0_arm64.whl", hash = "sha256:55b1625899acd33229c4352ce0ae54038529b412bd51c4915349b49ca575258f"},
    {file = "pydantic-1.10.4-cp38-cp38-manylinux_2_17_x86_64.manylinux2014_x86_64.whl", hash = "sha256:301d626a59edbe5dfb48fcae245896379a450d04baeed50ef40d8199f2733b06"},
    {file = "pydantic-1.10.4-cp38-cp38-manylinux_2_5_i686.manylinux1_i686.manylinux_2_17_i686.manylinux2014_i686.whl", hash = "sha256:b6f9d649892a6f54a39ed56b8dfd5e08b5f3be5f893da430bed76975f3735d15"},
    {file = "pydantic-1.10.4-cp38-cp38-musllinux_1_1_i686.whl", hash = "sha256:d7b5a3821225f5c43496c324b0d6875fde910a1c2933d726a743ce328fbb2a8c"},
    {file = "pydantic-1.10.4-cp38-cp38-musllinux_1_1_x86_64.whl", hash = "sha256:f2f7eb6273dd12472d7f218e1fef6f7c7c2f00ac2e1ecde4db8824c457300416"},
    {file = "pydantic-1.10.4-cp38-cp38-win_amd64.whl", hash = "sha256:4b05697738e7d2040696b0a66d9f0a10bec0efa1883ca75ee9e55baf511909d6"},
    {file = "pydantic-1.10.4-cp39-cp39-macosx_10_9_x86_64.whl", hash = "sha256:a9a6747cac06c2beb466064dda999a13176b23535e4c496c9d48e6406f92d42d"},
    {file = "pydantic-1.10.4-cp39-cp39-macosx_11_0_arm64.whl", hash = "sha256:eb992a1ef739cc7b543576337bebfc62c0e6567434e522e97291b251a41dad7f"},
    {file = "pydantic-1.10.4-cp39-cp39-manylinux_2_17_x86_64.manylinux2014_x86_64.whl", hash = "sha256:990406d226dea0e8f25f643b370224771878142155b879784ce89f633541a024"},
    {file = "pydantic-1.10.4-cp39-cp39-manylinux_2_5_i686.manylinux1_i686.manylinux_2_17_i686.manylinux2014_i686.whl", hash = "sha256:2e82a6d37a95e0b1b42b82ab340ada3963aea1317fd7f888bb6b9dfbf4fff57c"},
    {file = "pydantic-1.10.4-cp39-cp39-musllinux_1_1_i686.whl", hash = "sha256:9193d4f4ee8feca58bc56c8306bcb820f5c7905fd919e0750acdeeeef0615b28"},
    {file = "pydantic-1.10.4-cp39-cp39-musllinux_1_1_x86_64.whl", hash = "sha256:2b3ce5f16deb45c472dde1a0ee05619298c864a20cded09c4edd820e1454129f"},
    {file = "pydantic-1.10.4-cp39-cp39-win_amd64.whl", hash = "sha256:9cbdc268a62d9a98c56e2452d6c41c0263d64a2009aac69246486f01b4f594c4"},
    {file = "pydantic-1.10.4-py3-none-any.whl", hash = "sha256:4948f264678c703f3877d1c8877c4e3b2e12e549c57795107f08cf70c6ec7774"},
    {file = "pydantic-1.10.4.tar.gz", hash = "sha256:b9a3859f24eb4e097502a3be1fb4b2abb79b6103dd9e2e0edb70613a4459a648"},
]

[package.dependencies]
typing-extensions = ">=4.2.0"

[package.extras]
dotenv = ["python-dotenv (>=0.10.4)"]
email = ["email-validator (>=1.0.3)"]

[[package]]
name = "pygments"
version = "2.14.0"
description = "Pygments is a syntax highlighting package written in Python."
category = "main"
optional = false
python-versions = ">=3.6"
files = [
    {file = "Pygments-2.14.0-py3-none-any.whl", hash = "sha256:fa7bd7bd2771287c0de303af8bfdfc731f51bd2c6a47ab69d117138893b82717"},
    {file = "Pygments-2.14.0.tar.gz", hash = "sha256:b3ed06a9e8ac9a9aae5a6f5dbe78a8a58655d17b43b93c078f094ddc476ae297"},
]

[package.extras]
plugins = ["importlib-metadata"]

[[package]]
name = "python-dateutil"
version = "2.8.2"
description = "Extensions to the standard Python datetime module"
category = "main"
optional = false
python-versions = "!=3.0.*,!=3.1.*,!=3.2.*,>=2.7"
files = [
    {file = "python-dateutil-2.8.2.tar.gz", hash = "sha256:0123cacc1627ae19ddf3c27a5de5bd67ee4586fbdd6440d9748f8abb483d3e86"},
    {file = "python_dateutil-2.8.2-py2.py3-none-any.whl", hash = "sha256:961d03dc3453ebbc59dbdea9e4e11c5651520a876d0f4db161e8674aae935da9"},
]

[package.dependencies]
six = ">=1.5"

[[package]]
name = "pytz"
version = "2022.7.1"
description = "World timezone definitions, modern and historical"
category = "main"
optional = false
python-versions = "*"
files = [
    {file = "pytz-2022.7.1-py2.py3-none-any.whl", hash = "sha256:78f4f37d8198e0627c5f1143240bb0206b8691d8d7ac6d78fee88b78733f8c4a"},
    {file = "pytz-2022.7.1.tar.gz", hash = "sha256:01a0681c4b9684a28304615eba55d1ab31ae00bf68ec157ec3708a8182dbbcd0"},
]

[[package]]
name = "restructuredtext-lint"
version = "1.4.0"
description = "reStructuredText linter"
category = "dev"
optional = false
python-versions = "*"
files = [
    {file = "restructuredtext_lint-1.4.0.tar.gz", hash = "sha256:1b235c0c922341ab6c530390892eb9e92f90b9b75046063e047cacfb0f050c45"},
]

[package.dependencies]
docutils = ">=0.11,<1.0"

[[package]]
name = "rich"
version = "12.6.0"
description = "Render rich text, tables, progress bars, syntax highlighting, markdown and more to the terminal"
category = "main"
optional = false
python-versions = ">=3.6.3,<4.0.0"
files = [
    {file = "rich-12.6.0-py3-none-any.whl", hash = "sha256:a4eb26484f2c82589bd9a17c73d32a010b1e29d89f1604cd9bf3a2097b81bb5e"},
    {file = "rich-12.6.0.tar.gz", hash = "sha256:ba3a3775974105c221d31141f2c116f4fd65c5ceb0698657a11e9f295ec93fd0"},
]

[package.dependencies]
commonmark = ">=0.9.0,<0.10.0"
pygments = ">=2.6.0,<3.0.0"
typing-extensions = {version = ">=4.0.0,<5.0", markers = "python_version < \"3.9\""}

[package.extras]
jupyter = ["ipywidgets (>=7.5.1,<8.0.0)"]

[[package]]
name = "rstcheck"
version = "6.1.1"
description = "Checks syntax of reStructuredText and code blocks nested within it"
category = "dev"
optional = false
python-versions = ">=3.7,<4.0"
files = [
    {file = "rstcheck-6.1.1-py3-none-any.whl", hash = "sha256:edeff9ad0644d12bd250100b677887424193789254c90d95c13375062ee2cbac"},
    {file = "rstcheck-6.1.1.tar.gz", hash = "sha256:8e43485a644e794b8127f8c4868ef62c14ec7919bdda6cb16642157055d32e47"},
]

[package.dependencies]
importlib-metadata = {version = ">=1.6,<5.0", markers = "python_version < \"3.8\""}
rstcheck-core = ">=1.0.2,<2.0.0"
typer = {version = ">=0.4.1,<0.8", extras = ["all"]}
typing-extensions = {version = ">=3.7.4,<5.0", markers = "python_version < \"3.8\""}

[package.extras]
docs = ["m2r2 (>=0.3.2)", "sphinx", "sphinx-autobuild (==2021.3.14)", "sphinx-click (>=4.0.3,<5.0.0)", "sphinx-rtd-dark-mode (>=1.2.4,<2.0.0)", "sphinx-rtd-theme (<1)", "sphinxcontrib-spelling (>=7.3)"]
sphinx = ["sphinx"]
testing = ["coverage-conditional-plugin (>=0.5)", "coverage[toml] (>=6.0)", "pytest (>=6.0)", "pytest-cov (>=3.0)", "pytest-randomly (>=3.0)", "pytest-sugar (>=0.9.5)"]
toml = ["tomli"]

[[package]]
name = "rstcheck-core"
version = "1.0.3"
description = "Checks syntax of reStructuredText and code blocks nested within it"
category = "dev"
optional = false
python-versions = ">=3.7,<4.0"
files = [
    {file = "rstcheck_core-1.0.3-py3-none-any.whl", hash = "sha256:d75d7df8f15b58e8aafe322d6fb6ef1ac8d12bb563089b0696948a00ee7f601a"},
    {file = "rstcheck_core-1.0.3.tar.gz", hash = "sha256:add19c9a1b97d9087f4b463b49c12cd8a9c03689a255e99089c70a2692f16369"},
]

[package.dependencies]
docutils = ">=0.7,<0.20"
importlib-metadata = {version = ">=1.6,<5.0", markers = "python_version < \"3.8\""}
pydantic = ">=1.2,<2.0"
types-docutils = ">=0.18,<0.20"
typing-extensions = {version = ">=3.7.4,<5.0", markers = "python_version < \"3.8\""}

[package.extras]
docs = ["m2r2 (>=0.3.2)", "sphinx (>=4.0,<6.0)", "sphinx-autobuild (==2021.3.14)", "sphinx-autodoc-typehints (>=1.15)", "sphinx-rtd-dark-mode (>=1.2.4,<2.0.0)", "sphinx-rtd-theme (<1)", "sphinxcontrib-apidoc (>=0.3)", "sphinxcontrib-spelling (>=7.3)"]
sphinx = ["sphinx (>=4.0,<6.0)"]
testing = ["coverage-conditional-plugin (>=0.5)", "coverage[toml] (>=6.0)", "pytest (>=6.0)", "pytest-cov (>=3.0)", "pytest-mock (>=3.7)", "pytest-randomly (>=3.0)", "pytest-sugar (>=0.9.5)"]
toml = ["tomli (>=2.0,<3.0)"]

[[package]]
name = "shellingham"
version = "1.5.0.post1"
description = "Tool to Detect Surrounding Shell"
category = "dev"
optional = false
python-versions = ">=3.7"
files = [
    {file = "shellingham-1.5.0.post1-py2.py3-none-any.whl", hash = "sha256:368bf8c00754fd4f55afb7bbb86e272df77e4dc76ac29dbcbb81a59e9fc15744"},
    {file = "shellingham-1.5.0.post1.tar.gz", hash = "sha256:823bc5fb5c34d60f285b624e7264f4dda254bc803a3774a147bf99c0e3004a28"},
]

[[package]]
name = "six"
version = "1.16.0"
description = "Python 2 and 3 compatibility utilities"
category = "main"
optional = false
python-versions = ">=2.7, !=3.0.*, !=3.1.*, !=3.2.*"
files = [
    {file = "six-1.16.0-py2.py3-none-any.whl", hash = "sha256:8abb2f1d86890a2dfb989f9a77cfcfd3e47c2a354b01111771326f8aa26e0254"},
    {file = "six-1.16.0.tar.gz", hash = "sha256:1e61c37477a1626458e36f7b1d82aa5c9b094fa4802892072e49de9c60c4c926"},
]

[[package]]
name = "smmap"
version = "5.0.0"
description = "A pure Python implementation of a sliding window memory map manager"
category = "main"
optional = false
python-versions = ">=3.6"
files = [
    {file = "smmap-5.0.0-py3-none-any.whl", hash = "sha256:2aba19d6a040e78d8b09de5c57e96207b09ed71d8e55ce0959eeee6c8e190d94"},
    {file = "smmap-5.0.0.tar.gz", hash = "sha256:c840e62059cd3be204b0c9c9f74be2c09d5648eddd4580d9314c3ecde0b30936"},
]

[[package]]
name = "soupsieve"
version = "2.3.2.post1"
description = "A modern CSS selector implementation for Beautiful Soup."
category = "main"
optional = false
python-versions = ">=3.6"
files = [
    {file = "soupsieve-2.3.2.post1-py3-none-any.whl", hash = "sha256:3b2503d3c7084a42b1ebd08116e5f81aadfaea95863628c80a3b774a11b7c759"},
    {file = "soupsieve-2.3.2.post1.tar.gz", hash = "sha256:fc53893b3da2c33de295667a0e19f078c14bf86544af307354de5fcf12a3f30d"},
]

[[package]]
name = "stevedore"
version = "3.5.2"
description = "Manage dynamic plugins for Python applications"
category = "dev"
optional = false
python-versions = ">=3.6"
files = [
    {file = "stevedore-3.5.2-py3-none-any.whl", hash = "sha256:fa2630e3d0ad3e22d4914aff2501445815b9a4467a6edc49387c667a38faf5bf"},
    {file = "stevedore-3.5.2.tar.gz", hash = "sha256:cf99f41fc0d5a4f185ca4d3d42b03be9011b0a1ec1a4ea1a282be1b4b306dcc2"},
]

[package.dependencies]
importlib-metadata = {version = ">=1.7.0", markers = "python_version < \"3.8\""}
pbr = ">=2.0.0,<2.1.0 || >2.1.0"

[[package]]
name = "tomli"
version = "2.0.1"
description = "A lil' TOML parser"
category = "dev"
optional = false
python-versions = ">=3.7"
files = [
    {file = "tomli-2.0.1-py3-none-any.whl", hash = "sha256:939de3e7a6161af0c887ef91b7d41a53e7c5a1ca976325f429cb46ea9bc30ecc"},
    {file = "tomli-2.0.1.tar.gz", hash = "sha256:de526c12914f0c550d15924c62d72abc48d6fe7364aa87328337a31007fe8a4f"},
]

[[package]]
name = "typer"
version = "0.7.0"
description = "Typer, build great CLIs. Easy to code. Based on Python type hints."
category = "dev"
optional = false
python-versions = ">=3.6"
files = [
    {file = "typer-0.7.0-py3-none-any.whl", hash = "sha256:b5e704f4e48ec263de1c0b3a2387cd405a13767d2f907f44c1a08cbad96f606d"},
    {file = "typer-0.7.0.tar.gz", hash = "sha256:ff797846578a9f2a201b53442aedeb543319466870fbe1c701eab66dd7681165"},
]

[package.dependencies]
click = ">=7.1.1,<9.0.0"
colorama = {version = ">=0.4.3,<0.5.0", optional = true, markers = "extra == \"all\""}
rich = {version = ">=10.11.0,<13.0.0", optional = true, markers = "extra == \"all\""}
shellingham = {version = ">=1.3.0,<2.0.0", optional = true, markers = "extra == \"all\""}

[package.extras]
all = ["colorama (>=0.4.3,<0.5.0)", "rich (>=10.11.0,<13.0.0)", "shellingham (>=1.3.0,<2.0.0)"]
dev = ["autoflake (>=1.3.1,<2.0.0)", "flake8 (>=3.8.3,<4.0.0)", "pre-commit (>=2.17.0,<3.0.0)"]
doc = ["cairosvg (>=2.5.2,<3.0.0)", "mdx-include (>=1.4.1,<2.0.0)", "mkdocs (>=1.1.2,<2.0.0)", "mkdocs-material (>=8.1.4,<9.0.0)", "pillow (>=9.3.0,<10.0.0)"]
test = ["black (>=22.3.0,<23.0.0)", "coverage (>=6.2,<7.0)", "isort (>=5.0.6,<6.0.0)", "mypy (==0.910)", "pytest (>=4.4.0,<8.0.0)", "pytest-cov (>=2.10.0,<5.0.0)", "pytest-sugar (>=0.9.4,<0.10.0)", "pytest-xdist (>=1.32.0,<4.0.0)", "rich (>=10.11.0,<13.0.0)", "shellingham (>=1.3.0,<2.0.0)"]

[[package]]
name = "types-docutils"
version = "0.19.1.2"
description = "Typing stubs for docutils"
category = "dev"
optional = false
python-versions = "*"
files = [
    {file = "types-docutils-0.19.1.2.tar.gz", hash = "sha256:ca3d2135484adb52dd042bbddbd6eddcbbda8c608ba3f5e5f908bd548ffcb399"},
    {file = "types_docutils-0.19.1.2-py3-none-any.whl", hash = "sha256:7be44dac1b160901308ac43762d5e89175105ed682092a3a1f08911d2573a470"},
]

[[package]]
name = "typing-extensions"
version = "4.4.0"
description = "Backported and Experimental Type Hints for Python 3.7+"
category = "main"
optional = false
python-versions = ">=3.7"
files = [
    {file = "typing_extensions-4.4.0-py3-none-any.whl", hash = "sha256:16fa4864408f655d35ec496218b85f79b3437c829e93320c7c9215ccfd92489e"},
    {file = "typing_extensions-4.4.0.tar.gz", hash = "sha256:1511434bb92bf8dd198c12b1cc812e800d4181cfcb867674e0f8279cc93087aa"},
]

[[package]]
name = "unidecode"
version = "1.3.6"
description = "ASCII transliterations of Unicode text"
category = "main"
optional = false
python-versions = ">=3.5"
files = [
    {file = "Unidecode-1.3.6-py3-none-any.whl", hash = "sha256:547d7c479e4f377b430dd91ac1275d593308dce0fc464fb2ab7d41f82ec653be"},
    {file = "Unidecode-1.3.6.tar.gz", hash = "sha256:fed09cf0be8cf415b391642c2a5addfc72194407caee4f98719e40ec2a72b830"},
]

[[package]]
name = "zipp"
version = "3.11.0"
description = "Backport of pathlib-compatible object wrapper for zip files"
category = "dev"
optional = false
python-versions = ">=3.7"
files = [
    {file = "zipp-3.11.0-py3-none-any.whl", hash = "sha256:83a28fcb75844b5c0cdaf5aa4003c2d728c77e05f5aeabe8e95e56727005fbaa"},
    {file = "zipp-3.11.0.tar.gz", hash = "sha256:a7a22e05929290a67401440b39690ae6563279bced5f314609d9d03798f56766"},
]

[package.extras]
docs = ["furo", "jaraco.packaging (>=9)", "jaraco.tidelift (>=1.4)", "rst.linker (>=1.9)", "sphinx (>=3.5)"]
testing = ["flake8 (<5)", "func-timeout", "jaraco.functools", "jaraco.itertools", "more-itertools", "pytest (>=6)", "pytest-black (>=0.3.7)", "pytest-checkdocs (>=2.4)", "pytest-cov", "pytest-enabler (>=1.3)", "pytest-flake8", "pytest-mypy (>=0.9.1)"]

[metadata]
lock-version = "2.0"
python-versions = ">= 3.7,<4"
content-hash = "eef705e38d970a11343dd06f3b00c452da18e533118857ff5de101df54dbd5bc"
